// !$*UTF8*$!
{
	archiveVersion = 1;
	classes = {
	};
	objectVersion = 45;
	objects = {

/* Begin PBXBuildFile section */
		09CCA09B11868BC1008EFCA6 /* LibraryPortraitView.xib in Resources */ = {isa = PBXBuildFile; fileRef = 09CCA09A11868BC1008EFCA6 /* LibraryPortraitView.xib */; };
		09CCA0B111868E4C008EFCA6 /* AFItemView.m in Sources */ = {isa = PBXBuildFile; fileRef = 09CCA0AB11868E4C008EFCA6 /* AFItemView.m */; };
		09CCA0B211868E4C008EFCA6 /* AFOpenFlowView.m in Sources */ = {isa = PBXBuildFile; fileRef = 09CCA0AE11868E4C008EFCA6 /* AFOpenFlowView.m */; };
		09CCA0B311868E4C008EFCA6 /* AFUIImageReflection.m in Sources */ = {isa = PBXBuildFile; fileRef = 09CCA0B011868E4C008EFCA6 /* AFUIImageReflection.m */; };
		09CCA0B711868E8C008EFCA6 /* QuartzCore.framework in Frameworks */ = {isa = PBXBuildFile; fileRef = 09CCA0B611868E8C008EFCA6 /* QuartzCore.framework */; };
		09CCA0DF11868F23008EFCA6 /* LibraryLandscapeView.xib in Resources */ = {isa = PBXBuildFile; fileRef = 09CCA0DE11868F23008EFCA6 /* LibraryLandscapeView.xib */; };
		09CCA0E311868F87008EFCA6 /* LibraryLandscapeViewController.m in Sources */ = {isa = PBXBuildFile; fileRef = 09CCA0E211868F87008EFCA6 /* LibraryLandscapeViewController.m */; };
		09CCA10D118692B2008EFCA6 /* default.png in Resources */ = {isa = PBXBuildFile; fileRef = 09CCA0EE118692B1008EFCA6 /* default.png */; };
		09CCA10E118692B2008EFCA6 /* 0.jpg in Resources */ = {isa = PBXBuildFile; fileRef = 09CCA0EF118692B1008EFCA6 /* 0.jpg */; };
		09CCA10F118692B2008EFCA6 /* 1.jpg in Resources */ = {isa = PBXBuildFile; fileRef = 09CCA0F0118692B1008EFCA6 /* 1.jpg */; };
		09CCA110118692B2008EFCA6 /* 2.jpg in Resources */ = {isa = PBXBuildFile; fileRef = 09CCA0F1118692B1008EFCA6 /* 2.jpg */; };
		09CCA111118692B2008EFCA6 /* 3.jpg in Resources */ = {isa = PBXBuildFile; fileRef = 09CCA0F2118692B1008EFCA6 /* 3.jpg */; };
		09CCA112118692B2008EFCA6 /* 4.jpg in Resources */ = {isa = PBXBuildFile; fileRef = 09CCA0F3118692B1008EFCA6 /* 4.jpg */; };
		09CCA113118692B2008EFCA6 /* 5.jpg in Resources */ = {isa = PBXBuildFile; fileRef = 09CCA0F4118692B1008EFCA6 /* 5.jpg */; };
		09CCA114118692B2008EFCA6 /* 6.jpg in Resources */ = {isa = PBXBuildFile; fileRef = 09CCA0F5118692B1008EFCA6 /* 6.jpg */; };
		09CCA115118692B2008EFCA6 /* 7.jpg in Resources */ = {isa = PBXBuildFile; fileRef = 09CCA0F6118692B1008EFCA6 /* 7.jpg */; };
		09CCA116118692B2008EFCA6 /* 8.jpg in Resources */ = {isa = PBXBuildFile; fileRef = 09CCA0F7118692B1008EFCA6 /* 8.jpg */; };
		09CCA117118692B2008EFCA6 /* 9.jpg in Resources */ = {isa = PBXBuildFile; fileRef = 09CCA0F8118692B1008EFCA6 /* 9.jpg */; };
		09CCA118118692B2008EFCA6 /* 10.jpg in Resources */ = {isa = PBXBuildFile; fileRef = 09CCA0F9118692B1008EFCA6 /* 10.jpg */; };
		09CCA119118692B2008EFCA6 /* 11.jpg in Resources */ = {isa = PBXBuildFile; fileRef = 09CCA0FA118692B1008EFCA6 /* 11.jpg */; };
		09CCA11A118692B2008EFCA6 /* 12.jpg in Resources */ = {isa = PBXBuildFile; fileRef = 09CCA0FB118692B1008EFCA6 /* 12.jpg */; };
		09CCA11B118692B2008EFCA6 /* 13.jpg in Resources */ = {isa = PBXBuildFile; fileRef = 09CCA0FC118692B1008EFCA6 /* 13.jpg */; };
		09CCA11C118692B2008EFCA6 /* 14.jpg in Resources */ = {isa = PBXBuildFile; fileRef = 09CCA0FD118692B2008EFCA6 /* 14.jpg */; };
		09CCA11D118692B2008EFCA6 /* 15.jpg in Resources */ = {isa = PBXBuildFile; fileRef = 09CCA0FE118692B2008EFCA6 /* 15.jpg */; };
		09CCA11E118692B2008EFCA6 /* 16.jpg in Resources */ = {isa = PBXBuildFile; fileRef = 09CCA0FF118692B2008EFCA6 /* 16.jpg */; };
		09CCA11F118692B2008EFCA6 /* 17.jpg in Resources */ = {isa = PBXBuildFile; fileRef = 09CCA100118692B2008EFCA6 /* 17.jpg */; };
		09CCA120118692B2008EFCA6 /* 18.jpg in Resources */ = {isa = PBXBuildFile; fileRef = 09CCA101118692B2008EFCA6 /* 18.jpg */; };
		09CCA121118692B2008EFCA6 /* 19.jpg in Resources */ = {isa = PBXBuildFile; fileRef = 09CCA102118692B2008EFCA6 /* 19.jpg */; };
		09CCA122118692B2008EFCA6 /* 20.jpg in Resources */ = {isa = PBXBuildFile; fileRef = 09CCA103118692B2008EFCA6 /* 20.jpg */; };
		09CCA123118692B2008EFCA6 /* 21.jpg in Resources */ = {isa = PBXBuildFile; fileRef = 09CCA104118692B2008EFCA6 /* 21.jpg */; };
		09CCA124118692B2008EFCA6 /* 22.jpg in Resources */ = {isa = PBXBuildFile; fileRef = 09CCA105118692B2008EFCA6 /* 22.jpg */; };
		09CCA125118692B2008EFCA6 /* 23.jpg in Resources */ = {isa = PBXBuildFile; fileRef = 09CCA106118692B2008EFCA6 /* 23.jpg */; };
		09CCA126118692B2008EFCA6 /* 24.jpg in Resources */ = {isa = PBXBuildFile; fileRef = 09CCA107118692B2008EFCA6 /* 24.jpg */; };
		09CCA127118692B2008EFCA6 /* 25.jpg in Resources */ = {isa = PBXBuildFile; fileRef = 09CCA108118692B2008EFCA6 /* 25.jpg */; };
		09CCA128118692B2008EFCA6 /* 26.jpg in Resources */ = {isa = PBXBuildFile; fileRef = 09CCA109118692B2008EFCA6 /* 26.jpg */; };
		09CCA129118692B2008EFCA6 /* 27.jpg in Resources */ = {isa = PBXBuildFile; fileRef = 09CCA10A118692B2008EFCA6 /* 27.jpg */; };
		09CCA12A118692B2008EFCA6 /* 28.jpg in Resources */ = {isa = PBXBuildFile; fileRef = 09CCA10B118692B2008EFCA6 /* 28.jpg */; };
		09CCA12B118692B2008EFCA6 /* 29.jpg in Resources */ = {isa = PBXBuildFile; fileRef = 09CCA10C118692B2008EFCA6 /* 29.jpg */; };
		09CCA12E11869322008EFCA6 /* AFGetImageOperation.m in Sources */ = {isa = PBXBuildFile; fileRef = 09CCA12D11869322008EFCA6 /* AFGetImageOperation.m */; };
		09CCA1311186933C008EFCA6 /* UIImageExtras.m in Sources */ = {isa = PBXBuildFile; fileRef = 09CCA1301186933C008EFCA6 /* UIImageExtras.m */; };
		09CCA13311869357008EFCA6 /* CFNetwork.framework in Frameworks */ = {isa = PBXBuildFile; fileRef = 09CCA13211869357008EFCA6 /* CFNetwork.framework */; };
		09CCA13E118694A5008EFCA6 /* LibraryPortraitViewController.m in Sources */ = {isa = PBXBuildFile; fileRef = 09CCA13D118694A5008EFCA6 /* LibraryPortraitViewController.m */; };
		1D3623260D0F684500981E51 /* UrzasFactoryAppDelegate.m in Sources */ = {isa = PBXBuildFile; fileRef = 1D3623250D0F684500981E51 /* UrzasFactoryAppDelegate.m */; };
		1D60589B0D05DD56006BFB54 /* main.m in Sources */ = {isa = PBXBuildFile; fileRef = 29B97316FDCFA39411CA2CEA /* main.m */; };
		1D60589F0D05DD5A006BFB54 /* Foundation.framework in Frameworks */ = {isa = PBXBuildFile; fileRef = 1D30AB110D05D00D00671497 /* Foundation.framework */; };
		1DF5F4E00D08C38300B7A737 /* UIKit.framework in Frameworks */ = {isa = PBXBuildFile; fileRef = 1DF5F4DF0D08C38300B7A737 /* UIKit.framework */; };
		288765A50DF7441C002DB57D /* CoreGraphics.framework in Frameworks */ = {isa = PBXBuildFile; fileRef = 288765A40DF7441C002DB57D /* CoreGraphics.framework */; };
		28AD733F0D9D9553002E5188 /* MainWindow.xib in Resources */ = {isa = PBXBuildFile; fileRef = 28AD733E0D9D9553002E5188 /* MainWindow.xib */; };
		28C3AD8A0F43EF2300507BA6 /* UrzasFactory.xcdatamodel in Sources */ = {isa = PBXBuildFile; fileRef = 28C3AD890F43EF2300507BA6 /* UrzasFactory.xcdatamodel */; };
		28D801B40F44B63D00FB423F /* CoreData.framework in Frameworks */ = {isa = PBXBuildFile; fileRef = 28D801B30F44B63D00FB423F /* CoreData.framework */; };
		5B05D42A1136FD360011D7F3 /* MainViewController.m in Sources */ = {isa = PBXBuildFile; fileRef = 5B05D4281136FD360011D7F3 /* MainViewController.m */; };
		5B05D42B1136FD360011D7F3 /* MainView.xib in Resources */ = {isa = PBXBuildFile; fileRef = 5B05D4291136FD360011D7F3 /* MainView.xib */; };
		5B05D42E1136FD620011D7F3 /* Background.png in Resources */ = {isa = PBXBuildFile; fileRef = 5B05D42D1136FD620011D7F3 /* Background.png */; };
		5B05D431113701340011D7F3 /* Title.png in Resources */ = {isa = PBXBuildFile; fileRef = 5B05D430113701340011D7F3 /* Title.png */; };
		5B05D44B11371E1F0011D7F3 /* Button.png in Resources */ = {isa = PBXBuildFile; fileRef = 5B05D44A11371E1F0011D7F3 /* Button.png */; };
		5B05D465113724BF0011D7F3 /* ButtonPushed.png in Resources */ = {isa = PBXBuildFile; fileRef = 5B05D464113724BF0011D7F3 /* ButtonPushed.png */; };
		5B05D480113727250011D7F3 /* DecksViewController.m in Sources */ = {isa = PBXBuildFile; fileRef = 5B05D47F113727250011D7F3 /* DecksViewController.m */; };
		5B05D4B0113737F60011D7F3 /* Background2.png in Resources */ = {isa = PBXBuildFile; fileRef = 5B05D4AF113737F60011D7F3 /* Background2.png */; };
		5B05D4D3113745030011D7F3 /* UFView.m in Sources */ = {isa = PBXBuildFile; fileRef = 5B05D4D2113745030011D7F3 /* UFView.m */; };
		5B5EC98E1138A2DD003DE3BE /* Icon.png in Resources */ = {isa = PBXBuildFile; fileRef = 5B5EC98D1138A2DD003DE3BE /* Icon.png */; };
		5B5ECA281139B53C003DE3BE /* UFTableViewController.m in Sources */ = {isa = PBXBuildFile; fileRef = 5B5ECA271139B53C003DE3BE /* UFTableViewController.m */; };
/* End PBXBuildFile section */

/* Begin PBXFileReference section */
		09CCA09A11868BC1008EFCA6 /* LibraryPortraitView.xib */ = {isa = PBXFileReference; lastKnownFileType = file.xib; path = LibraryPortraitView.xib; sourceTree = "<group>"; };
		09CCA0AA11868E4C008EFCA6 /* AFItemView.h */ = {isa = PBXFileReference; fileEncoding = 4; lastKnownFileType = sourcecode.c.h; path = AFItemView.h; sourceTree = "<group>"; };
		09CCA0AB11868E4C008EFCA6 /* AFItemView.m */ = {isa = PBXFileReference; fileEncoding = 4; lastKnownFileType = sourcecode.c.objc; path = AFItemView.m; sourceTree = "<group>"; };
		09CCA0AC11868E4C008EFCA6 /* AFOpenFlowConstants.h */ = {isa = PBXFileReference; fileEncoding = 4; lastKnownFileType = sourcecode.c.h; path = AFOpenFlowConstants.h; sourceTree = "<group>"; };
		09CCA0AD11868E4C008EFCA6 /* AFOpenFlowView.h */ = {isa = PBXFileReference; fileEncoding = 4; lastKnownFileType = sourcecode.c.h; path = AFOpenFlowView.h; sourceTree = "<group>"; };
		09CCA0AE11868E4C008EFCA6 /* AFOpenFlowView.m */ = {isa = PBXFileReference; fileEncoding = 4; lastKnownFileType = sourcecode.c.objc; path = AFOpenFlowView.m; sourceTree = "<group>"; };
		09CCA0AF11868E4C008EFCA6 /* AFUIImageReflection.h */ = {isa = PBXFileReference; fileEncoding = 4; lastKnownFileType = sourcecode.c.h; path = AFUIImageReflection.h; sourceTree = "<group>"; };
		09CCA0B011868E4C008EFCA6 /* AFUIImageReflection.m */ = {isa = PBXFileReference; fileEncoding = 4; lastKnownFileType = sourcecode.c.objc; path = AFUIImageReflection.m; sourceTree = "<group>"; };
		09CCA0B611868E8C008EFCA6 /* QuartzCore.framework */ = {isa = PBXFileReference; lastKnownFileType = wrapper.framework; name = QuartzCore.framework; path = System/Library/Frameworks/QuartzCore.framework; sourceTree = SDKROOT; };
		09CCA0DE11868F23008EFCA6 /* LibraryLandscapeView.xib */ = {isa = PBXFileReference; lastKnownFileType = file.xib; path = LibraryLandscapeView.xib; sourceTree = "<group>"; };
		09CCA0E111868F87008EFCA6 /* LibraryLandscapeViewController.h */ = {isa = PBXFileReference; fileEncoding = 4; lastKnownFileType = sourcecode.c.h; path = LibraryLandscapeViewController.h; sourceTree = "<group>"; };
		09CCA0E211868F87008EFCA6 /* LibraryLandscapeViewController.m */ = {isa = PBXFileReference; fileEncoding = 4; lastKnownFileType = sourcecode.c.objc; path = LibraryLandscapeViewController.m; sourceTree = "<group>"; };
		09CCA0EE118692B1008EFCA6 /* default.png */ = {isa = PBXFileReference; lastKnownFileType = image.png; name = default.png; path = ../default.png; sourceTree = "<group>"; };
		09CCA0EF118692B1008EFCA6 /* 0.jpg */ = {isa = PBXFileReference; lastKnownFileType = image.jpeg; path = 0.jpg; sourceTree = "<group>"; };
		09CCA0F0118692B1008EFCA6 /* 1.jpg */ = {isa = PBXFileReference; lastKnownFileType = image.jpeg; path = 1.jpg; sourceTree = "<group>"; };
		09CCA0F1118692B1008EFCA6 /* 2.jpg */ = {isa = PBXFileReference; lastKnownFileType = image.jpeg; path = 2.jpg; sourceTree = "<group>"; };
		09CCA0F2118692B1008EFCA6 /* 3.jpg */ = {isa = PBXFileReference; lastKnownFileType = image.jpeg; path = 3.jpg; sourceTree = "<group>"; };
		09CCA0F3118692B1008EFCA6 /* 4.jpg */ = {isa = PBXFileReference; lastKnownFileType = image.jpeg; path = 4.jpg; sourceTree = "<group>"; };
		09CCA0F4118692B1008EFCA6 /* 5.jpg */ = {isa = PBXFileReference; lastKnownFileType = image.jpeg; path = 5.jpg; sourceTree = "<group>"; };
		09CCA0F5118692B1008EFCA6 /* 6.jpg */ = {isa = PBXFileReference; lastKnownFileType = image.jpeg; path = 6.jpg; sourceTree = "<group>"; };
		09CCA0F6118692B1008EFCA6 /* 7.jpg */ = {isa = PBXFileReference; lastKnownFileType = image.jpeg; path = 7.jpg; sourceTree = "<group>"; };
		09CCA0F7118692B1008EFCA6 /* 8.jpg */ = {isa = PBXFileReference; lastKnownFileType = image.jpeg; path = 8.jpg; sourceTree = "<group>"; };
		09CCA0F8118692B1008EFCA6 /* 9.jpg */ = {isa = PBXFileReference; lastKnownFileType = image.jpeg; path = 9.jpg; sourceTree = "<group>"; };
		09CCA0F9118692B1008EFCA6 /* 10.jpg */ = {isa = PBXFileReference; lastKnownFileType = image.jpeg; path = 10.jpg; sourceTree = "<group>"; };
		09CCA0FA118692B1008EFCA6 /* 11.jpg */ = {isa = PBXFileReference; lastKnownFileType = image.jpeg; path = 11.jpg; sourceTree = "<group>"; };
		09CCA0FB118692B1008EFCA6 /* 12.jpg */ = {isa = PBXFileReference; lastKnownFileType = image.jpeg; path = 12.jpg; sourceTree = "<group>"; };
		09CCA0FC118692B1008EFCA6 /* 13.jpg */ = {isa = PBXFileReference; lastKnownFileType = image.jpeg; path = 13.jpg; sourceTree = "<group>"; };
		09CCA0FD118692B2008EFCA6 /* 14.jpg */ = {isa = PBXFileReference; lastKnownFileType = image.jpeg; path = 14.jpg; sourceTree = "<group>"; };
		09CCA0FE118692B2008EFCA6 /* 15.jpg */ = {isa = PBXFileReference; lastKnownFileType = image.jpeg; path = 15.jpg; sourceTree = "<group>"; };
		09CCA0FF118692B2008EFCA6 /* 16.jpg */ = {isa = PBXFileReference; lastKnownFileType = image.jpeg; path = 16.jpg; sourceTree = "<group>"; };
		09CCA100118692B2008EFCA6 /* 17.jpg */ = {isa = PBXFileReference; lastKnownFileType = image.jpeg; path = 17.jpg; sourceTree = "<group>"; };
		09CCA101118692B2008EFCA6 /* 18.jpg */ = {isa = PBXFileReference; lastKnownFileType = image.jpeg; path = 18.jpg; sourceTree = "<group>"; };
		09CCA102118692B2008EFCA6 /* 19.jpg */ = {isa = PBXFileReference; lastKnownFileType = image.jpeg; path = 19.jpg; sourceTree = "<group>"; };
		09CCA103118692B2008EFCA6 /* 20.jpg */ = {isa = PBXFileReference; lastKnownFileType = image.jpeg; path = 20.jpg; sourceTree = "<group>"; };
		09CCA104118692B2008EFCA6 /* 21.jpg */ = {isa = PBXFileReference; lastKnownFileType = image.jpeg; path = 21.jpg; sourceTree = "<group>"; };
		09CCA105118692B2008EFCA6 /* 22.jpg */ = {isa = PBXFileReference; lastKnownFileType = image.jpeg; path = 22.jpg; sourceTree = "<group>"; };
		09CCA106118692B2008EFCA6 /* 23.jpg */ = {isa = PBXFileReference; lastKnownFileType = image.jpeg; path = 23.jpg; sourceTree = "<group>"; };
		09CCA107118692B2008EFCA6 /* 24.jpg */ = {isa = PBXFileReference; lastKnownFileType = image.jpeg; path = 24.jpg; sourceTree = "<group>"; };
		09CCA108118692B2008EFCA6 /* 25.jpg */ = {isa = PBXFileReference; lastKnownFileType = image.jpeg; path = 25.jpg; sourceTree = "<group>"; };
		09CCA109118692B2008EFCA6 /* 26.jpg */ = {isa = PBXFileReference; lastKnownFileType = image.jpeg; path = 26.jpg; sourceTree = "<group>"; };
		09CCA10A118692B2008EFCA6 /* 27.jpg */ = {isa = PBXFileReference; lastKnownFileType = image.jpeg; path = 27.jpg; sourceTree = "<group>"; };
		09CCA10B118692B2008EFCA6 /* 28.jpg */ = {isa = PBXFileReference; lastKnownFileType = image.jpeg; path = 28.jpg; sourceTree = "<group>"; };
		09CCA10C118692B2008EFCA6 /* 29.jpg */ = {isa = PBXFileReference; lastKnownFileType = image.jpeg; path = 29.jpg; sourceTree = "<group>"; };
		09CCA12C11869322008EFCA6 /* AFGetImageOperation.h */ = {isa = PBXFileReference; fileEncoding = 4; lastKnownFileType = sourcecode.c.h; path = AFGetImageOperation.h; sourceTree = "<group>"; };
		09CCA12D11869322008EFCA6 /* AFGetImageOperation.m */ = {isa = PBXFileReference; fileEncoding = 4; lastKnownFileType = sourcecode.c.objc; path = AFGetImageOperation.m; sourceTree = "<group>"; };
		09CCA12F1186933C008EFCA6 /* UIImageExtras.h */ = {isa = PBXFileReference; fileEncoding = 4; lastKnownFileType = sourcecode.c.h; path = UIImageExtras.h; sourceTree = "<group>"; };
		09CCA1301186933C008EFCA6 /* UIImageExtras.m */ = {isa = PBXFileReference; fileEncoding = 4; lastKnownFileType = sourcecode.c.objc; path = UIImageExtras.m; sourceTree = "<group>"; };
		09CCA13211869357008EFCA6 /* CFNetwork.framework */ = {isa = PBXFileReference; lastKnownFileType = wrapper.framework; name = CFNetwork.framework; path = System/Library/Frameworks/CFNetwork.framework; sourceTree = SDKROOT; };
		09CCA13C118694A5008EFCA6 /* LibraryPortraitViewController.h */ = {isa = PBXFileReference; fileEncoding = 4; lastKnownFileType = sourcecode.c.h; path = LibraryPortraitViewController.h; sourceTree = "<group>"; };
		09CCA13D118694A5008EFCA6 /* LibraryPortraitViewController.m */ = {isa = PBXFileReference; fileEncoding = 4; lastKnownFileType = sourcecode.c.objc; path = LibraryPortraitViewController.m; sourceTree = "<group>"; };
		1D30AB110D05D00D00671497 /* Foundation.framework */ = {isa = PBXFileReference; lastKnownFileType = wrapper.framework; name = Foundation.framework; path = System/Library/Frameworks/Foundation.framework; sourceTree = SDKROOT; };
		1D3623240D0F684500981E51 /* UrzasFactoryAppDelegate.h */ = {isa = PBXFileReference; fileEncoding = 4; lastKnownFileType = sourcecode.c.h; path = UrzasFactoryAppDelegate.h; sourceTree = "<group>"; };
		1D3623250D0F684500981E51 /* UrzasFactoryAppDelegate.m */ = {isa = PBXFileReference; fileEncoding = 4; lastKnownFileType = sourcecode.c.objc; path = UrzasFactoryAppDelegate.m; sourceTree = "<group>"; };
		1D6058910D05DD3D006BFB54 /* UrzasFactory.app */ = {isa = PBXFileReference; explicitFileType = wrapper.application; includeInIndex = 0; path = UrzasFactory.app; sourceTree = BUILT_PRODUCTS_DIR; };
		1DF5F4DF0D08C38300B7A737 /* UIKit.framework */ = {isa = PBXFileReference; lastKnownFileType = wrapper.framework; name = UIKit.framework; path = System/Library/Frameworks/UIKit.framework; sourceTree = SDKROOT; };
		288765A40DF7441C002DB57D /* CoreGraphics.framework */ = {isa = PBXFileReference; lastKnownFileType = wrapper.framework; name = CoreGraphics.framework; path = System/Library/Frameworks/CoreGraphics.framework; sourceTree = SDKROOT; };
		28AD733E0D9D9553002E5188 /* MainWindow.xib */ = {isa = PBXFileReference; lastKnownFileType = file.xib; path = MainWindow.xib; sourceTree = "<group>"; };
		28C3AD890F43EF2300507BA6 /* UrzasFactory.xcdatamodel */ = {isa = PBXFileReference; fileEncoding = 4; lastKnownFileType = wrapper.xcdatamodel; path = UrzasFactory.xcdatamodel; sourceTree = "<group>"; };
		28D801B30F44B63D00FB423F /* CoreData.framework */ = {isa = PBXFileReference; lastKnownFileType = wrapper.framework; name = CoreData.framework; path = System/Library/Frameworks/CoreData.framework; sourceTree = SDKROOT; };
		29B97316FDCFA39411CA2CEA /* main.m */ = {isa = PBXFileReference; fileEncoding = 4; lastKnownFileType = sourcecode.c.objc; path = main.m; sourceTree = "<group>"; };
		32CA4F630368D1EE00C91783 /* UrzasFactory_Prefix.pch */ = {isa = PBXFileReference; fileEncoding = 4; lastKnownFileType = sourcecode.c.h; path = UrzasFactory_Prefix.pch; sourceTree = "<group>"; };
		5B05D4271136FD360011D7F3 /* MainViewController.h */ = {isa = PBXFileReference; fileEncoding = 4; lastKnownFileType = sourcecode.c.h; name = MainViewController.h; path = ../MainViewController.h; sourceTree = "<group>"; };
		5B05D4281136FD360011D7F3 /* MainViewController.m */ = {isa = PBXFileReference; fileEncoding = 4; lastKnownFileType = sourcecode.c.objc; name = MainViewController.m; path = ../MainViewController.m; sourceTree = "<group>"; };
		5B05D4291136FD360011D7F3 /* MainView.xib */ = {isa = PBXFileReference; lastKnownFileType = file.xib; path = MainView.xib; sourceTree = "<group>"; };
		5B05D42D1136FD620011D7F3 /* Background.png */ = {isa = PBXFileReference; lastKnownFileType = image.png; path = Background.png; sourceTree = "<group>"; };
		5B05D430113701340011D7F3 /* Title.png */ = {isa = PBXFileReference; lastKnownFileType = image.png; path = Title.png; sourceTree = "<group>"; };
		5B05D44A11371E1F0011D7F3 /* Button.png */ = {isa = PBXFileReference; lastKnownFileType = image.png; path = Button.png; sourceTree = "<group>"; };
		5B05D464113724BF0011D7F3 /* ButtonPushed.png */ = {isa = PBXFileReference; lastKnownFileType = image.png; path = ButtonPushed.png; sourceTree = "<group>"; };
		5B05D47E113727250011D7F3 /* DecksViewController.h */ = {isa = PBXFileReference; fileEncoding = 4; lastKnownFileType = sourcecode.c.h; path = DecksViewController.h; sourceTree = "<group>"; };
		5B05D47F113727250011D7F3 /* DecksViewController.m */ = {isa = PBXFileReference; fileEncoding = 4; lastKnownFileType = sourcecode.c.objc; path = DecksViewController.m; sourceTree = "<group>"; };
		5B05D4AF113737F60011D7F3 /* Background2.png */ = {isa = PBXFileReference; lastKnownFileType = image.png; path = Background2.png; sourceTree = "<group>"; };
		5B05D4D1113745030011D7F3 /* UFView.h */ = {isa = PBXFileReference; fileEncoding = 4; lastKnownFileType = sourcecode.c.h; name = UFView.h; path = Classes/UFView.h; sourceTree = "<group>"; };
		5B05D4D2113745030011D7F3 /* UFView.m */ = {isa = PBXFileReference; fileEncoding = 4; lastKnownFileType = sourcecode.c.objc; name = UFView.m; path = Classes/UFView.m; sourceTree = "<group>"; };
		5B5EC98D1138A2DD003DE3BE /* Icon.png */ = {isa = PBXFileReference; lastKnownFileType = image.png; path = Icon.png; sourceTree = "<group>"; };
		5B5ECA261139B53C003DE3BE /* UFTableViewController.h */ = {isa = PBXFileReference; fileEncoding = 4; lastKnownFileType = sourcecode.c.h; path = UFTableViewController.h; sourceTree = "<group>"; };
		5B5ECA271139B53C003DE3BE /* UFTableViewController.m */ = {isa = PBXFileReference; fileEncoding = 4; lastKnownFileType = sourcecode.c.objc; path = UFTableViewController.m; sourceTree = "<group>"; };
		8D1107310486CEB800E47090 /* UrzasFactory-Info.plist */ = {isa = PBXFileReference; fileEncoding = 4; lastKnownFileType = text.plist.xml; path = "UrzasFactory-Info.plist"; sourceTree = "<group>"; };
/* End PBXFileReference section */

/* Begin PBXFrameworksBuildPhase section */
		1D60588F0D05DD3D006BFB54 /* Frameworks */ = {
			isa = PBXFrameworksBuildPhase;
			buildActionMask = 2147483647;
			files = (
				1D60589F0D05DD5A006BFB54 /* Foundation.framework in Frameworks */,
				1DF5F4E00D08C38300B7A737 /* UIKit.framework in Frameworks */,
				288765A50DF7441C002DB57D /* CoreGraphics.framework in Frameworks */,
				28D801B40F44B63D00FB423F /* CoreData.framework in Frameworks */,
				09CCA0B711868E8C008EFCA6 /* QuartzCore.framework in Frameworks */,
				09CCA13311869357008EFCA6 /* CFNetwork.framework in Frameworks */,
			);
			runOnlyForDeploymentPostprocessing = 0;
		};
/* End PBXFrameworksBuildPhase section */

/* Begin PBXGroup section */
		080E96DDFE201D6D7F000001 /* Classes */ = {
			isa = PBXGroup;
			children = (
				09CCA0A911868E0F008EFCA6 /* OpenFlow */,
				5B05D4271136FD360011D7F3 /* MainViewController.h */,
				5B05D4281136FD360011D7F3 /* MainViewController.m */,
				5B05D47E113727250011D7F3 /* DecksViewController.h */,
				5B05D47F113727250011D7F3 /* DecksViewController.m */,
				1D3623240D0F684500981E51 /* UrzasFactoryAppDelegate.h */,
				1D3623250D0F684500981E51 /* UrzasFactoryAppDelegate.m */,
				09CCA13C118694A5008EFCA6 /* LibraryPortraitViewController.h */,
				09CCA13D118694A5008EFCA6 /* LibraryPortraitViewController.m */,
				09CCA0E111868F87008EFCA6 /* LibraryLandscapeViewController.h */,
				09CCA0E211868F87008EFCA6 /* LibraryLandscapeViewController.m */,
				09CCA12C11869322008EFCA6 /* AFGetImageOperation.h */,
				09CCA12D11869322008EFCA6 /* AFGetImageOperation.m */,
				09CCA12F1186933C008EFCA6 /* UIImageExtras.h */,
				09CCA1301186933C008EFCA6 /* UIImageExtras.m */,
			);
			path = Classes;
			sourceTree = "<group>";
		};
		09CCA0A911868E0F008EFCA6 /* OpenFlow */ = {
			isa = PBXGroup;
			children = (
				09CCA0AA11868E4C008EFCA6 /* AFItemView.h */,
				09CCA0AB11868E4C008EFCA6 /* AFItemView.m */,
				09CCA0AC11868E4C008EFCA6 /* AFOpenFlowConstants.h */,
				09CCA0AD11868E4C008EFCA6 /* AFOpenFlowView.h */,
				09CCA0AE11868E4C008EFCA6 /* AFOpenFlowView.m */,
				09CCA0AF11868E4C008EFCA6 /* AFUIImageReflection.h */,
				09CCA0B011868E4C008EFCA6 /* AFUIImageReflection.m */,
			);
			name = OpenFlow;
			path = ..;
			sourceTree = "<group>";
		};
		09CCA0ED118692B1008EFCA6 /* Sample Images */ = {
			isa = PBXGroup;
			children = (
				09CCA0EF118692B1008EFCA6 /* 0.jpg */,
				09CCA0F0118692B1008EFCA6 /* 1.jpg */,
				09CCA0F1118692B1008EFCA6 /* 2.jpg */,
				09CCA0F2118692B1008EFCA6 /* 3.jpg */,
				09CCA0F3118692B1008EFCA6 /* 4.jpg */,
				09CCA0F4118692B1008EFCA6 /* 5.jpg */,
				09CCA0F5118692B1008EFCA6 /* 6.jpg */,
				09CCA0F6118692B1008EFCA6 /* 7.jpg */,
				09CCA0F7118692B1008EFCA6 /* 8.jpg */,
				09CCA0F8118692B1008EFCA6 /* 9.jpg */,
				09CCA0F9118692B1008EFCA6 /* 10.jpg */,
				09CCA0FA118692B1008EFCA6 /* 11.jpg */,
				09CCA0FB118692B1008EFCA6 /* 12.jpg */,
				09CCA0FC118692B1008EFCA6 /* 13.jpg */,
				09CCA0FD118692B2008EFCA6 /* 14.jpg */,
				09CCA0FE118692B2008EFCA6 /* 15.jpg */,
				09CCA0FF118692B2008EFCA6 /* 16.jpg */,
				09CCA100118692B2008EFCA6 /* 17.jpg */,
				09CCA101118692B2008EFCA6 /* 18.jpg */,
				09CCA102118692B2008EFCA6 /* 19.jpg */,
				09CCA103118692B2008EFCA6 /* 20.jpg */,
				09CCA104118692B2008EFCA6 /* 21.jpg */,
				09CCA105118692B2008EFCA6 /* 22.jpg */,
				09CCA106118692B2008EFCA6 /* 23.jpg */,
				09CCA107118692B2008EFCA6 /* 24.jpg */,
				09CCA108118692B2008EFCA6 /* 25.jpg */,
				09CCA109118692B2008EFCA6 /* 26.jpg */,
				09CCA10A118692B2008EFCA6 /* 27.jpg */,
				09CCA10B118692B2008EFCA6 /* 28.jpg */,
				09CCA10C118692B2008EFCA6 /* 29.jpg */,
			);
			name = "Sample Images";
			sourceTree = "<group>";
		};
		19C28FACFE9D520D11CA2CBB /* Products */ = {
			isa = PBXGroup;
			children = (
				1D6058910D05DD3D006BFB54 /* UrzasFactory.app */,
			);
			name = Products;
			sourceTree = "<group>";
		};
		29B97314FDCFA39411CA2CEA /* CustomTemplate */ = {
			isa = PBXGroup;
			children = (
				5B5EC9EC1139ACB0003DE3BE /* Base Classes */,
				080E96DDFE201D6D7F000001 /* Classes */,
				29B97315FDCFA39411CA2CEA /* Other Sources */,
				29B97317FDCFA39411CA2CEA /* Resources */,
				29B97323FDCFA39411CA2CEA /* Frameworks */,
				19C28FACFE9D520D11CA2CBB /* Products */,
				09CCA13211869357008EFCA6 /* CFNetwork.framework */,
			);
			name = CustomTemplate;
			sourceTree = "<group>";
		};
		29B97315FDCFA39411CA2CEA /* Other Sources */ = {
			isa = PBXGroup;
			children = (
				32CA4F630368D1EE00C91783 /* UrzasFactory_Prefix.pch */,
				29B97316FDCFA39411CA2CEA /* main.m */,
			);
			name = "Other Sources";
			sourceTree = "<group>";
		};
		29B97317FDCFA39411CA2CEA /* Resources */ = {
			isa = PBXGroup;
			children = (
				09CCA0ED118692B1008EFCA6 /* Sample Images */,
				5B05D42C1136FD620011D7F3 /* Images */,
				28C3AD890F43EF2300507BA6 /* UrzasFactory.xcdatamodel */,
				5B05D4291136FD360011D7F3 /* MainView.xib */,
				28AD733E0D9D9553002E5188 /* MainWindow.xib */,
				8D1107310486CEB800E47090 /* UrzasFactory-Info.plist */,
				09CCA09A11868BC1008EFCA6 /* LibraryPortraitView.xib */,
				09CCA0DE11868F23008EFCA6 /* LibraryLandscapeView.xib */,
			);
			name = Resources;
			sourceTree = "<group>";
		};
		29B97323FDCFA39411CA2CEA /* Frameworks */ = {
			isa = PBXGroup;
			children = (
				09CCA0B611868E8C008EFCA6 /* QuartzCore.framework */,
				1DF5F4DF0D08C38300B7A737 /* UIKit.framework */,
				1D30AB110D05D00D00671497 /* Foundation.framework */,
				288765A40DF7441C002DB57D /* CoreGraphics.framework */,
				28D801B30F44B63D00FB423F /* CoreData.framework */,
			);
			name = Frameworks;
			sourceTree = "<group>";
		};
		5B05D42C1136FD620011D7F3 /* Images */ = {
			isa = PBXGroup;
			children = (
				09CCA0EE118692B1008EFCA6 /* default.png */,
				5B5EC98D1138A2DD003DE3BE /* Icon.png */,
				5B05D44A11371E1F0011D7F3 /* Button.png */,
				5B05D464113724BF0011D7F3 /* ButtonPushed.png */,
				5B05D42D1136FD620011D7F3 /* Background.png */,
				5B05D4AF113737F60011D7F3 /* Background2.png */,
				5B05D430113701340011D7F3 /* Title.png */,
			);
			path = Images;
			sourceTree = "<group>";
		};
		5B5EC9EC1139ACB0003DE3BE /* Base Classes */ = {
			isa = PBXGroup;
			children = (
				5B05D4D1113745030011D7F3 /* UFView.h */,
				5B05D4D2113745030011D7F3 /* UFView.m */,
				5B5ECA261139B53C003DE3BE /* UFTableViewController.h */,
				5B5ECA271139B53C003DE3BE /* UFTableViewController.m */,
			);
			name = "Base Classes";
			sourceTree = "<group>";
		};
/* End PBXGroup section */

/* Begin PBXNativeTarget section */
		1D6058900D05DD3D006BFB54 /* UrzasFactory */ = {
			isa = PBXNativeTarget;
			buildConfigurationList = 1D6058960D05DD3E006BFB54 /* Build configuration list for PBXNativeTarget "UrzasFactory" */;
			buildPhases = (
				1D60588D0D05DD3D006BFB54 /* Resources */,
				1D60588E0D05DD3D006BFB54 /* Sources */,
				1D60588F0D05DD3D006BFB54 /* Frameworks */,
			);
			buildRules = (
			);
			dependencies = (
			);
			name = UrzasFactory;
			productName = UrzasFactory;
			productReference = 1D6058910D05DD3D006BFB54 /* UrzasFactory.app */;
			productType = "com.apple.product-type.application";
		};
/* End PBXNativeTarget section */

/* Begin PBXProject section */
		29B97313FDCFA39411CA2CEA /* Project object */ = {
			isa = PBXProject;
			buildConfigurationList = C01FCF4E08A954540054247B /* Build configuration list for PBXProject "UrzasFactory" */;
			compatibilityVersion = "Xcode 3.1";
			hasScannedForEncodings = 1;
			mainGroup = 29B97314FDCFA39411CA2CEA /* CustomTemplate */;
			projectDirPath = "";
			projectRoot = "";
			targets = (
				1D6058900D05DD3D006BFB54 /* UrzasFactory */,
			);
		};
/* End PBXProject section */

/* Begin PBXResourcesBuildPhase section */
		1D60588D0D05DD3D006BFB54 /* Resources */ = {
			isa = PBXResourcesBuildPhase;
			buildActionMask = 2147483647;
			files = (
				28AD733F0D9D9553002E5188 /* MainWindow.xib in Resources */,
				5B05D42B1136FD360011D7F3 /* MainView.xib in Resources */,
				5B05D42E1136FD620011D7F3 /* Background.png in Resources */,
				5B05D431113701340011D7F3 /* Title.png in Resources */,
				5B05D44B11371E1F0011D7F3 /* Button.png in Resources */,
				5B05D465113724BF0011D7F3 /* ButtonPushed.png in Resources */,
				5B05D4B0113737F60011D7F3 /* Background2.png in Resources */,
				5B5EC98E1138A2DD003DE3BE /* Icon.png in Resources */,
				09CCA09B11868BC1008EFCA6 /* LibraryPortraitView.xib in Resources */,
				09CCA0DF11868F23008EFCA6 /* LibraryLandscapeView.xib in Resources */,
				09CCA10D118692B2008EFCA6 /* default.png in Resources */,
				09CCA10E118692B2008EFCA6 /* 0.jpg in Resources */,
				09CCA10F118692B2008EFCA6 /* 1.jpg in Resources */,
				09CCA110118692B2008EFCA6 /* 2.jpg in Resources */,
				09CCA111118692B2008EFCA6 /* 3.jpg in Resources */,
				09CCA112118692B2008EFCA6 /* 4.jpg in Resources */,
				09CCA113118692B2008EFCA6 /* 5.jpg in Resources */,
				09CCA114118692B2008EFCA6 /* 6.jpg in Resources */,
				09CCA115118692B2008EFCA6 /* 7.jpg in Resources */,
				09CCA116118692B2008EFCA6 /* 8.jpg in Resources */,
				09CCA117118692B2008EFCA6 /* 9.jpg in Resources */,
				09CCA118118692B2008EFCA6 /* 10.jpg in Resources */,
				09CCA119118692B2008EFCA6 /* 11.jpg in Resources */,
				09CCA11A118692B2008EFCA6 /* 12.jpg in Resources */,
				09CCA11B118692B2008EFCA6 /* 13.jpg in Resources */,
				09CCA11C118692B2008EFCA6 /* 14.jpg in Resources */,
				09CCA11D118692B2008EFCA6 /* 15.jpg in Resources */,
				09CCA11E118692B2008EFCA6 /* 16.jpg in Resources */,
				09CCA11F118692B2008EFCA6 /* 17.jpg in Resources */,
				09CCA120118692B2008EFCA6 /* 18.jpg in Resources */,
				09CCA121118692B2008EFCA6 /* 19.jpg in Resources */,
				09CCA122118692B2008EFCA6 /* 20.jpg in Resources */,
				09CCA123118692B2008EFCA6 /* 21.jpg in Resources */,
				09CCA124118692B2008EFCA6 /* 22.jpg in Resources */,
				09CCA125118692B2008EFCA6 /* 23.jpg in Resources */,
				09CCA126118692B2008EFCA6 /* 24.jpg in Resources */,
				09CCA127118692B2008EFCA6 /* 25.jpg in Resources */,
				09CCA128118692B2008EFCA6 /* 26.jpg in Resources */,
				09CCA129118692B2008EFCA6 /* 27.jpg in Resources */,
				09CCA12A118692B2008EFCA6 /* 28.jpg in Resources */,
				09CCA12B118692B2008EFCA6 /* 29.jpg in Resources */,
			);
			runOnlyForDeploymentPostprocessing = 0;
		};
/* End PBXResourcesBuildPhase section */

/* Begin PBXSourcesBuildPhase section */
		1D60588E0D05DD3D006BFB54 /* Sources */ = {
			isa = PBXSourcesBuildPhase;
			buildActionMask = 2147483647;
			files = (
				1D60589B0D05DD56006BFB54 /* main.m in Sources */,
				1D3623260D0F684500981E51 /* UrzasFactoryAppDelegate.m in Sources */,
				28C3AD8A0F43EF2300507BA6 /* UrzasFactory.xcdatamodel in Sources */,
				5B05D42A1136FD360011D7F3 /* MainViewController.m in Sources */,
				5B05D480113727250011D7F3 /* DecksViewController.m in Sources */,
				5B05D4D3113745030011D7F3 /* UFView.m in Sources */,
				5B5ECA281139B53C003DE3BE /* UFTableViewController.m in Sources */,
				09CCA0B111868E4C008EFCA6 /* AFItemView.m in Sources */,
				09CCA0B211868E4C008EFCA6 /* AFOpenFlowView.m in Sources */,
				09CCA0B311868E4C008EFCA6 /* AFUIImageReflection.m in Sources */,
				09CCA0E311868F87008EFCA6 /* LibraryLandscapeViewController.m in Sources */,
				09CCA12E11869322008EFCA6 /* AFGetImageOperation.m in Sources */,
				09CCA1311186933C008EFCA6 /* UIImageExtras.m in Sources */,
				09CCA13E118694A5008EFCA6 /* LibraryPortraitViewController.m in Sources */,
			);
			runOnlyForDeploymentPostprocessing = 0;
		};
/* End PBXSourcesBuildPhase section */

/* Begin XCBuildConfiguration section */
		1D6058940D05DD3E006BFB54 /* Debug */ = {
			isa = XCBuildConfiguration;
			buildSettings = {
				ALWAYS_SEARCH_USER_PATHS = NO;
				COPY_PHASE_STRIP = NO;
				FRAMEWORK_SEARCH_PATHS = (
					"$(inherited)",
					"\"/Volumes/Skiiing2/CD/ViewBased/Unknown Path/System/Library/Frameworks\"",
				);
				GCC_DYNAMIC_NO_PIC = NO;
				GCC_OPTIMIZATION_LEVEL = 0;
				GCC_PRECOMPILE_PREFIX_HEADER = YES;
				GCC_PREFIX_HEADER = UrzasFactory_Prefix.pch;
				INFOPLIST_FILE = "UrzasFactory-Info.plist";
				PRODUCT_NAME = UrzasFactory;
			};
			name = Debug;
		};
		1D6058950D05DD3E006BFB54 /* Release */ = {
			isa = XCBuildConfiguration;
			buildSettings = {
				ALWAYS_SEARCH_USER_PATHS = NO;
				COPY_PHASE_STRIP = YES;
				FRAMEWORK_SEARCH_PATHS = (
					"$(inherited)",
					"\"/Volumes/Skiiing2/CD/ViewBased/Unknown Path/System/Library/Frameworks\"",
				);
				GCC_PRECOMPILE_PREFIX_HEADER = YES;
				GCC_PREFIX_HEADER = UrzasFactory_Prefix.pch;
				INFOPLIST_FILE = "UrzasFactory-Info.plist";
				PRODUCT_NAME = UrzasFactory;
			};
			name = Release;
		};
		C01FCF4F08A954540054247B /* Debug */ = {
			isa = XCBuildConfiguration;
			buildSettings = {
				ARCHS = "$(ARCHS_STANDARD_32_BIT)";
				"CODE_SIGN_IDENTITY[sdk=iphoneos*]" = "iPhone Developer";
				GCC_C_LANGUAGE_STANDARD = c99;
				GCC_WARN_ABOUT_RETURN_TYPE = YES;
				GCC_WARN_UNUSED_VARIABLE = YES;
				PREBINDING = NO;
				SDKROOT = iphoneos3.1;
			};
			name = Debug;
		};
		C01FCF5008A954540054247B /* Release */ = {
			isa = XCBuildConfiguration;
			buildSettings = {
				ARCHS = "$(ARCHS_STANDARD_32_BIT)";
				"CODE_SIGN_IDENTITY[sdk=iphoneos*]" = "iPhone Developer";
				GCC_C_LANGUAGE_STANDARD = c99;
				GCC_WARN_ABOUT_RETURN_TYPE = YES;
				GCC_WARN_UNUSED_VARIABLE = YES;
				PREBINDING = NO;
				SDKROOT = iphoneos3.1;
			};
			name = Release;
		};
/* End XCBuildConfiguration section */

/* Begin XCConfigurationList section */
		1D6058960D05DD3E006BFB54 /* Build configuration list for PBXNativeTarget "UrzasFactory" */ = {
			isa = XCConfigurationList;
			buildConfigurations = (
				1D6058940D05DD3E006BFB54 /* Debug */,
				1D6058950D05DD3E006BFB54 /* Release */,
			);
			defaultConfigurationIsVisible = 0;
			defaultConfigurationName = Release;
		};
		C01FCF4E08A954540054247B /* Build configuration list for PBXProject "UrzasFactory" */ = {
			isa = XCConfigurationList;
			buildConfigurations = (
				C01FCF4F08A954540054247B /* Debug */,
				C01FCF5008A954540054247B /* Release */,
			);
			defaultConfigurationIsVisible = 0;
			defaultConfigurationName = Release;
		};
/* End XCConfigurationList section */
	};
	rootObject = 29B97313FDCFA39411CA2CEA /* Project object */;
}
