// !$*UTF8*$!
{
	archiveVersion = 1;
	classes = {
	};
	objectVersion = 45;
	objects = {

/* Begin PBXBuildFile section */
		093540DD119B890700E68A55 /* FilterViewController.m in Sources */ = {isa = PBXBuildFile; fileRef = 093540DB119B890700E68A55 /* FilterViewController.m */; };
		093540DE119B890700E68A55 /* FilterViewController.xib in Resources */ = {isa = PBXBuildFile; fileRef = 093540DC119B890700E68A55 /* FilterViewController.xib */; };
		093540FB119BE3A000E68A55 /* ForestBright.png in Resources */ = {isa = PBXBuildFile; fileRef = 093540ED119BE3A000E68A55 /* ForestBright.png */; };
		093540FC119BE3A000E68A55 /* ForestShaded.png in Resources */ = {isa = PBXBuildFile; fileRef = 093540EE119BE3A000E68A55 /* ForestShaded.png */; };
		093540FD119BE3A000E68A55 /* IslandBright.png in Resources */ = {isa = PBXBuildFile; fileRef = 093540EF119BE3A000E68A55 /* IslandBright.png */; };
		093540FE119BE3A000E68A55 /* IslandShaded.png in Resources */ = {isa = PBXBuildFile; fileRef = 093540F0119BE3A000E68A55 /* IslandShaded.png */; };
		093540FF119BE3A000E68A55 /* LandBright.png in Resources */ = {isa = PBXBuildFile; fileRef = 093540F1119BE3A000E68A55 /* LandBright.png */; };
		09354100119BE3A000E68A55 /* LandShaded.png in Resources */ = {isa = PBXBuildFile; fileRef = 093540F2119BE3A000E68A55 /* LandShaded.png */; };
		09354101119BE3A000E68A55 /* MountainBright.png in Resources */ = {isa = PBXBuildFile; fileRef = 093540F3119BE3A000E68A55 /* MountainBright.png */; };
		09354102119BE3A000E68A55 /* MountainShaded.png in Resources */ = {isa = PBXBuildFile; fileRef = 093540F4119BE3A000E68A55 /* MountainShaded.png */; };
		09354103119BE3A000E68A55 /* OtherBright.png in Resources */ = {isa = PBXBuildFile; fileRef = 093540F5119BE3A000E68A55 /* OtherBright.png */; };
		09354104119BE3A000E68A55 /* OtherShaded.png in Resources */ = {isa = PBXBuildFile; fileRef = 093540F6119BE3A000E68A55 /* OtherShaded.png */; };
		09354105119BE3A000E68A55 /* PlainsBright.png in Resources */ = {isa = PBXBuildFile; fileRef = 093540F7119BE3A000E68A55 /* PlainsBright.png */; };
		09354106119BE3A000E68A55 /* PlainsShaded.png in Resources */ = {isa = PBXBuildFile; fileRef = 093540F8119BE3A000E68A55 /* PlainsShaded.png */; };
		09354107119BE3A000E68A55 /* SwampBright.png in Resources */ = {isa = PBXBuildFile; fileRef = 093540F9119BE3A000E68A55 /* SwampBright.png */; };
		09354108119BE3A000E68A55 /* SwampShaded.png in Resources */ = {isa = PBXBuildFile; fileRef = 093540FA119BE3A000E68A55 /* SwampShaded.png */; };
		093547FA119E828A00E68A55 /* LibraryPortraitViewController.m in Sources */ = {isa = PBXBuildFile; fileRef = 093547F9119E828A00E68A55 /* LibraryPortraitViewController.m */; };
		09B355E5118E92D1001F075C /* DeckViewController.m in Sources */ = {isa = PBXBuildFile; fileRef = 09B355E3118E92D1001F075C /* DeckViewController.m */; };
		09B35679118FF6CD001F075C /* DeckView.xib in Resources */ = {isa = PBXBuildFile; fileRef = 09B35678118FF6CD001F075C /* DeckView.xib */; };
		09B356C3119001F0001F075C /* deckContent.png in Resources */ = {isa = PBXBuildFile; fileRef = 09B356C2119001F0001F075C /* deckContent.png */; };
		09B35743119233EB001F075C /* contentBoard.png in Resources */ = {isa = PBXBuildFile; fileRef = 09B35742119233EB001F075C /* contentBoard.png */; };
		09CCA09B11868BC1008EFCA6 /* LibraryPortraitView.xib in Resources */ = {isa = PBXBuildFile; fileRef = 09CCA09A11868BC1008EFCA6 /* LibraryPortraitView.xib */; };
		09CCA0B111868E4C008EFCA6 /* AFItemView.m in Sources */ = {isa = PBXBuildFile; fileRef = 09CCA0AB11868E4C008EFCA6 /* AFItemView.m */; };
		09CCA0B211868E4C008EFCA6 /* AFOpenFlowView.m in Sources */ = {isa = PBXBuildFile; fileRef = 09CCA0AE11868E4C008EFCA6 /* AFOpenFlowView.m */; };
		09CCA0B311868E4C008EFCA6 /* AFUIImageReflection.m in Sources */ = {isa = PBXBuildFile; fileRef = 09CCA0B011868E4C008EFCA6 /* AFUIImageReflection.m */; };
		09CCA0B711868E8C008EFCA6 /* QuartzCore.framework in Frameworks */ = {isa = PBXBuildFile; fileRef = 09CCA0B611868E8C008EFCA6 /* QuartzCore.framework */; };
		09CCA0DF11868F23008EFCA6 /* LibraryLandscapeView.xib in Resources */ = {isa = PBXBuildFile; fileRef = 09CCA0DE11868F23008EFCA6 /* LibraryLandscapeView.xib */; };
		09CCA0E311868F87008EFCA6 /* LibraryLandscapeViewController.m in Sources */ = {isa = PBXBuildFile; fileRef = 09CCA0E211868F87008EFCA6 /* LibraryLandscapeViewController.m */; };
		09CCA12E11869322008EFCA6 /* AFGetImageOperation.m in Sources */ = {isa = PBXBuildFile; fileRef = 09CCA12D11869322008EFCA6 /* AFGetImageOperation.m */; };
		09CCA1311186933C008EFCA6 /* UIImageExtras.m in Sources */ = {isa = PBXBuildFile; fileRef = 09CCA1301186933C008EFCA6 /* UIImageExtras.m */; };
		09CCA13311869357008EFCA6 /* CFNetwork.framework in Frameworks */ = {isa = PBXBuildFile; fileRef = 09CCA13211869357008EFCA6 /* CFNetwork.framework */; };
		09CCA45511875F14008EFCA6 /* UINavigationBar+CustomImage.m in Sources */ = {isa = PBXBuildFile; fileRef = 09CCA45411875F14008EFCA6 /* UINavigationBar+CustomImage.m */; };
		09CCA45811875FBF008EFCA6 /* awardback.jpg in Resources */ = {isa = PBXBuildFile; fileRef = 09CCA45611875FBF008EFCA6 /* awardback.jpg */; };
		09CCA45911875FBF008EFCA6 /* backdrop.jpg in Resources */ = {isa = PBXBuildFile; fileRef = 09CCA45711875FBF008EFCA6 /* backdrop.jpg */; };
		09CCA48B118764BD008EFCA6 /* backdropBottom.png in Resources */ = {isa = PBXBuildFile; fileRef = 09CCA489118764BD008EFCA6 /* backdropBottom.png */; };
		09CCA48C118764BD008EFCA6 /* backdropTop.png in Resources */ = {isa = PBXBuildFile; fileRef = 09CCA48A118764BD008EFCA6 /* backdropTop.png */; };
		09CCA52511876C47008EFCA6 /* CreditsViewController.m in Sources */ = {isa = PBXBuildFile; fileRef = 09CCA52311876C47008EFCA6 /* CreditsViewController.m */; };
		09CCA52611876C47008EFCA6 /* CreditsViewController.xib in Resources */ = {isa = PBXBuildFile; fileRef = 09CCA52411876C47008EFCA6 /* CreditsViewController.xib */; };
		09CCA56A11877684008EFCA6 /* backdropTop2.png in Resources */ = {isa = PBXBuildFile; fileRef = 09CCA56911877684008EFCA6 /* backdropTop2.png */; };
		09CCA67911879A3F008EFCA6 /* DataController.m in Sources */ = {isa = PBXBuildFile; fileRef = 09CCA67811879A3F008EFCA6 /* DataController.m */; };
		09CCA8621189D4D9008EFCA6 /* UFAlert.m in Sources */ = {isa = PBXBuildFile; fileRef = 09CCA8611189D4D9008EFCA6 /* UFAlert.m */; };
		1D3623260D0F684500981E51 /* UrzasFactoryAppDelegate.m in Sources */ = {isa = PBXBuildFile; fileRef = 1D3623250D0F684500981E51 /* UrzasFactoryAppDelegate.m */; };
		1D60589B0D05DD56006BFB54 /* main.m in Sources */ = {isa = PBXBuildFile; fileRef = 29B97316FDCFA39411CA2CEA /* main.m */; };
		1D60589F0D05DD5A006BFB54 /* Foundation.framework in Frameworks */ = {isa = PBXBuildFile; fileRef = 1D30AB110D05D00D00671497 /* Foundation.framework */; };
		1DF5F4E00D08C38300B7A737 /* UIKit.framework in Frameworks */ = {isa = PBXBuildFile; fileRef = 1DF5F4DF0D08C38300B7A737 /* UIKit.framework */; };
		288765A50DF7441C002DB57D /* CoreGraphics.framework in Frameworks */ = {isa = PBXBuildFile; fileRef = 288765A40DF7441C002DB57D /* CoreGraphics.framework */; };
		28AD733F0D9D9553002E5188 /* MainWindow.xib in Resources */ = {isa = PBXBuildFile; fileRef = 28AD733E0D9D9553002E5188 /* MainWindow.xib */; };
		28C3AD8A0F43EF2300507BA6 /* UrzasFactory.xcdatamodel in Sources */ = {isa = PBXBuildFile; fileRef = 28C3AD890F43EF2300507BA6 /* UrzasFactory.xcdatamodel */; };
		28D801B40F44B63D00FB423F /* CoreData.framework in Frameworks */ = {isa = PBXBuildFile; fileRef = 28D801B30F44B63D00FB423F /* CoreData.framework */; };
		5B05D42A1136FD360011D7F3 /* MainViewController.m in Sources */ = {isa = PBXBuildFile; fileRef = 5B05D4281136FD360011D7F3 /* MainViewController.m */; };
		5B05D42B1136FD360011D7F3 /* MainView.xib in Resources */ = {isa = PBXBuildFile; fileRef = 5B05D4291136FD360011D7F3 /* MainView.xib */; };
		5B05D42E1136FD620011D7F3 /* Background.png in Resources */ = {isa = PBXBuildFile; fileRef = 5B05D42D1136FD620011D7F3 /* Background.png */; };
		5B05D431113701340011D7F3 /* Title.png in Resources */ = {isa = PBXBuildFile; fileRef = 5B05D430113701340011D7F3 /* Title.png */; };
		5B05D44B11371E1F0011D7F3 /* Button.png in Resources */ = {isa = PBXBuildFile; fileRef = 5B05D44A11371E1F0011D7F3 /* Button.png */; };
		5B05D465113724BF0011D7F3 /* ButtonPushed.png in Resources */ = {isa = PBXBuildFile; fileRef = 5B05D464113724BF0011D7F3 /* ButtonPushed.png */; };
		5B05D480113727250011D7F3 /* DecksViewController.m in Sources */ = {isa = PBXBuildFile; fileRef = 5B05D47F113727250011D7F3 /* DecksViewController.m */; };
		5B05D4B0113737F60011D7F3 /* Background2.png in Resources */ = {isa = PBXBuildFile; fileRef = 5B05D4AF113737F60011D7F3 /* Background2.png */; };
		5B05D4D3113745030011D7F3 /* UFView.m in Sources */ = {isa = PBXBuildFile; fileRef = 5B05D4D2113745030011D7F3 /* UFView.m */; };
		5B37B38711881ABB003884A3 /* UrzasFactory.sqlite in Resources */ = {isa = PBXBuildFile; fileRef = 5B37B38611881ABB003884A3 /* UrzasFactory.sqlite */; };
		5B37B497118837B3003884A3 /* defaultCard.jpg in Resources */ = {isa = PBXBuildFile; fileRef = 5B37B495118837B3003884A3 /* defaultCard.jpg */; };
		5B37B498118837B3003884A3 /* Mask.png in Resources */ = {isa = PBXBuildFile; fileRef = 5B37B496118837B3003884A3 /* Mask.png */; };
		5B37B7511188ECA0003884A3 /* CardViewController.m in Sources */ = {isa = PBXBuildFile; fileRef = 5B37B7501188ECA0003884A3 /* CardViewController.m */; };
		5B54366E119B76E2007DE23D /* Artist.m in Sources */ = {isa = PBXBuildFile; fileRef = 5B54365D119B76E2007DE23D /* Artist.m */; };
		5B54366F119B76E2007DE23D /* Subtype.m in Sources */ = {isa = PBXBuildFile; fileRef = 5B54365F119B76E2007DE23D /* Subtype.m */; };
		5B543670119B76E2007DE23D /* Card.m in Sources */ = {isa = PBXBuildFile; fileRef = 5B543661119B76E2007DE23D /* Card.m */; };
		5B543671119B76E2007DE23D /* Deck.m in Sources */ = {isa = PBXBuildFile; fileRef = 5B543663119B76E2007DE23D /* Deck.m */; };
		5B543672119B76E2007DE23D /* Expansion.m in Sources */ = {isa = PBXBuildFile; fileRef = 5B543665119B76E2007DE23D /* Expansion.m */; };
		5B543673119B76E2007DE23D /* Type.m in Sources */ = {isa = PBXBuildFile; fileRef = 5B543667119B76E2007DE23D /* Type.m */; };
		5B543674119B76E2007DE23D /* ManaItem.m in Sources */ = {isa = PBXBuildFile; fileRef = 5B543669119B76E2007DE23D /* ManaItem.m */; };
		5B543675119B76E2007DE23D /* Mana.m in Sources */ = {isa = PBXBuildFile; fileRef = 5B54366B119B76E2007DE23D /* Mana.m */; };
		5B543676119B76E2007DE23D /* CardItem.m in Sources */ = {isa = PBXBuildFile; fileRef = 5B54366D119B76E2007DE23D /* CardItem.m */; };
		5B5EC98E1138A2DD003DE3BE /* Icon.png in Resources */ = {isa = PBXBuildFile; fileRef = 5B5EC98D1138A2DD003DE3BE /* Icon.png */; };
		5B5ECA281139B53C003DE3BE /* UFTableViewController.m in Sources */ = {isa = PBXBuildFile; fileRef = 5B5ECA271139B53C003DE3BE /* UFTableViewController.m */; };
/* End PBXBuildFile section */

/* Begin PBXFileReference section */
		093540DA119B890700E68A55 /* FilterViewController.h */ = {isa = PBXFileReference; fileEncoding = 4; lastKnownFileType = sourcecode.c.h; path = FilterViewController.h; sourceTree = "<group>"; };
		093540DB119B890700E68A55 /* FilterViewController.m */ = {isa = PBXFileReference; fileEncoding = 4; lastKnownFileType = sourcecode.c.objc; path = FilterViewController.m; sourceTree = "<group>"; };
		093540DC119B890700E68A55 /* FilterViewController.xib */ = {isa = PBXFileReference; lastKnownFileType = file.xib; name = FilterViewController.xib; path = Classes/FilterViewController.xib; sourceTree = "<group>"; };
		093540ED119BE3A000E68A55 /* ForestBright.png */ = {isa = PBXFileReference; lastKnownFileType = image.png; name = ForestBright.png; path = ManaIcons/ForestBright.png; sourceTree = "<group>"; };
		093540EE119BE3A000E68A55 /* ForestShaded.png */ = {isa = PBXFileReference; lastKnownFileType = image.png; name = ForestShaded.png; path = ManaIcons/ForestShaded.png; sourceTree = "<group>"; };
		093540EF119BE3A000E68A55 /* IslandBright.png */ = {isa = PBXFileReference; lastKnownFileType = image.png; name = IslandBright.png; path = ManaIcons/IslandBright.png; sourceTree = "<group>"; };
		093540F0119BE3A000E68A55 /* IslandShaded.png */ = {isa = PBXFileReference; lastKnownFileType = image.png; name = IslandShaded.png; path = ManaIcons/IslandShaded.png; sourceTree = "<group>"; };
		093540F1119BE3A000E68A55 /* LandBright.png */ = {isa = PBXFileReference; lastKnownFileType = image.png; name = LandBright.png; path = ManaIcons/LandBright.png; sourceTree = "<group>"; };
		093540F2119BE3A000E68A55 /* LandShaded.png */ = {isa = PBXFileReference; lastKnownFileType = image.png; name = LandShaded.png; path = ManaIcons/LandShaded.png; sourceTree = "<group>"; };
		093540F3119BE3A000E68A55 /* MountainBright.png */ = {isa = PBXFileReference; lastKnownFileType = image.png; name = MountainBright.png; path = ManaIcons/MountainBright.png; sourceTree = "<group>"; };
		093540F4119BE3A000E68A55 /* MountainShaded.png */ = {isa = PBXFileReference; lastKnownFileType = image.png; name = MountainShaded.png; path = ManaIcons/MountainShaded.png; sourceTree = "<group>"; };
		093540F5119BE3A000E68A55 /* OtherBright.png */ = {isa = PBXFileReference; lastKnownFileType = image.png; name = OtherBright.png; path = ManaIcons/OtherBright.png; sourceTree = "<group>"; };
		093540F6119BE3A000E68A55 /* OtherShaded.png */ = {isa = PBXFileReference; lastKnownFileType = image.png; name = OtherShaded.png; path = ManaIcons/OtherShaded.png; sourceTree = "<group>"; };
		093540F7119BE3A000E68A55 /* PlainsBright.png */ = {isa = PBXFileReference; lastKnownFileType = image.png; name = PlainsBright.png; path = ManaIcons/PlainsBright.png; sourceTree = "<group>"; };
		093540F8119BE3A000E68A55 /* PlainsShaded.png */ = {isa = PBXFileReference; lastKnownFileType = image.png; name = PlainsShaded.png; path = ManaIcons/PlainsShaded.png; sourceTree = "<group>"; };
		093540F9119BE3A000E68A55 /* SwampBright.png */ = {isa = PBXFileReference; lastKnownFileType = image.png; name = SwampBright.png; path = ManaIcons/SwampBright.png; sourceTree = "<group>"; };
		093540FA119BE3A000E68A55 /* SwampShaded.png */ = {isa = PBXFileReference; lastKnownFileType = image.png; name = SwampShaded.png; path = ManaIcons/SwampShaded.png; sourceTree = "<group>"; };
		093547F9119E828A00E68A55 /* LibraryPortraitViewController.m */ = {isa = PBXFileReference; fileEncoding = 4; lastKnownFileType = sourcecode.c.objc; path = LibraryPortraitViewController.m; sourceTree = "<group>"; };
		09B355E2118E92D1001F075C /* DeckViewController.h */ = {isa = PBXFileReference; fileEncoding = 4; lastKnownFileType = sourcecode.c.h; path = DeckViewController.h; sourceTree = "<group>"; };
		09B355E3118E92D1001F075C /* DeckViewController.m */ = {isa = PBXFileReference; fileEncoding = 4; lastKnownFileType = sourcecode.c.objc; path = DeckViewController.m; sourceTree = "<group>"; };
		09B35678118FF6CD001F075C /* DeckView.xib */ = {isa = PBXFileReference; lastKnownFileType = file.xib; path = DeckView.xib; sourceTree = "<group>"; };
		09B356C2119001F0001F075C /* deckContent.png */ = {isa = PBXFileReference; lastKnownFileType = image.png; path = deckContent.png; sourceTree = "<group>"; };
		09B35742119233EB001F075C /* contentBoard.png */ = {isa = PBXFileReference; lastKnownFileType = image.png; path = contentBoard.png; sourceTree = "<group>"; };
		09CCA09A11868BC1008EFCA6 /* LibraryPortraitView.xib */ = {isa = PBXFileReference; lastKnownFileType = file.xib; path = LibraryPortraitView.xib; sourceTree = "<group>"; };
		09CCA0AA11868E4C008EFCA6 /* AFItemView.h */ = {isa = PBXFileReference; fileEncoding = 4; lastKnownFileType = sourcecode.c.h; path = AFItemView.h; sourceTree = "<group>"; };
		09CCA0AB11868E4C008EFCA6 /* AFItemView.m */ = {isa = PBXFileReference; fileEncoding = 4; lastKnownFileType = sourcecode.c.objc; path = AFItemView.m; sourceTree = "<group>"; };
		09CCA0AC11868E4C008EFCA6 /* AFOpenFlowConstants.h */ = {isa = PBXFileReference; fileEncoding = 4; lastKnownFileType = sourcecode.c.h; path = AFOpenFlowConstants.h; sourceTree = "<group>"; };
		09CCA0AD11868E4C008EFCA6 /* AFOpenFlowView.h */ = {isa = PBXFileReference; fileEncoding = 4; lastKnownFileType = sourcecode.c.h; path = AFOpenFlowView.h; sourceTree = "<group>"; };
		09CCA0AE11868E4C008EFCA6 /* AFOpenFlowView.m */ = {isa = PBXFileReference; fileEncoding = 4; lastKnownFileType = sourcecode.c.objc; path = AFOpenFlowView.m; sourceTree = "<group>"; };
		09CCA0AF11868E4C008EFCA6 /* AFUIImageReflection.h */ = {isa = PBXFileReference; fileEncoding = 4; lastKnownFileType = sourcecode.c.h; path = AFUIImageReflection.h; sourceTree = "<group>"; };
		09CCA0B011868E4C008EFCA6 /* AFUIImageReflection.m */ = {isa = PBXFileReference; fileEncoding = 4; lastKnownFileType = sourcecode.c.objc; path = AFUIImageReflection.m; sourceTree = "<group>"; };
		09CCA0B611868E8C008EFCA6 /* QuartzCore.framework */ = {isa = PBXFileReference; lastKnownFileType = wrapper.framework; name = QuartzCore.framework; path = System/Library/Frameworks/QuartzCore.framework; sourceTree = SDKROOT; };
		09CCA0DE11868F23008EFCA6 /* LibraryLandscapeView.xib */ = {isa = PBXFileReference; lastKnownFileType = file.xib; path = LibraryLandscapeView.xib; sourceTree = "<group>"; };
		09CCA0E111868F87008EFCA6 /* LibraryLandscapeViewController.h */ = {isa = PBXFileReference; fileEncoding = 4; lastKnownFileType = sourcecode.c.h; path = LibraryLandscapeViewController.h; sourceTree = "<group>"; };
		09CCA0E211868F87008EFCA6 /* LibraryLandscapeViewController.m */ = {isa = PBXFileReference; fileEncoding = 4; lastKnownFileType = sourcecode.c.objc; path = LibraryLandscapeViewController.m; sourceTree = "<group>"; };
		09CCA12C11869322008EFCA6 /* AFGetImageOperation.h */ = {isa = PBXFileReference; fileEncoding = 4; lastKnownFileType = sourcecode.c.h; name = AFGetImageOperation.h; path = Classes/AFGetImageOperation.h; sourceTree = "<group>"; };
		09CCA12D11869322008EFCA6 /* AFGetImageOperation.m */ = {isa = PBXFileReference; fileEncoding = 4; lastKnownFileType = sourcecode.c.objc; name = AFGetImageOperation.m; path = Classes/AFGetImageOperation.m; sourceTree = "<group>"; };
		09CCA12F1186933C008EFCA6 /* UIImageExtras.h */ = {isa = PBXFileReference; fileEncoding = 4; lastKnownFileType = sourcecode.c.h; name = UIImageExtras.h; path = Classes/UIImageExtras.h; sourceTree = "<group>"; };
		09CCA1301186933C008EFCA6 /* UIImageExtras.m */ = {isa = PBXFileReference; fileEncoding = 4; lastKnownFileType = sourcecode.c.objc; name = UIImageExtras.m; path = Classes/UIImageExtras.m; sourceTree = "<group>"; };
		09CCA13211869357008EFCA6 /* CFNetwork.framework */ = {isa = PBXFileReference; lastKnownFileType = wrapper.framework; name = CFNetwork.framework; path = System/Library/Frameworks/CFNetwork.framework; sourceTree = SDKROOT; };
		09CCA13C118694A5008EFCA6 /* LibraryPortraitViewController.h */ = {isa = PBXFileReference; fileEncoding = 4; lastKnownFileType = sourcecode.c.h; path = LibraryPortraitViewController.h; sourceTree = "<group>"; };
		09CCA45311875F14008EFCA6 /* UINavigationBar+CustomImage.h */ = {isa = PBXFileReference; fileEncoding = 4; lastKnownFileType = sourcecode.c.h; name = "UINavigationBar+CustomImage.h"; path = "Classes/UINavigationBar+CustomImage.h"; sourceTree = "<group>"; };
		09CCA45411875F14008EFCA6 /* UINavigationBar+CustomImage.m */ = {isa = PBXFileReference; fileEncoding = 4; lastKnownFileType = sourcecode.c.objc; name = "UINavigationBar+CustomImage.m"; path = "Classes/UINavigationBar+CustomImage.m"; sourceTree = "<group>"; };
		09CCA45611875FBF008EFCA6 /* awardback.jpg */ = {isa = PBXFileReference; lastKnownFileType = image.jpeg; path = awardback.jpg; sourceTree = "<group>"; };
		09CCA45711875FBF008EFCA6 /* backdrop.jpg */ = {isa = PBXFileReference; lastKnownFileType = image.jpeg; path = backdrop.jpg; sourceTree = "<group>"; };
		09CCA489118764BD008EFCA6 /* backdropBottom.png */ = {isa = PBXFileReference; lastKnownFileType = image.png; path = backdropBottom.png; sourceTree = "<group>"; };
		09CCA48A118764BD008EFCA6 /* backdropTop.png */ = {isa = PBXFileReference; lastKnownFileType = image.png; path = backdropTop.png; sourceTree = "<group>"; };
		09CCA52211876C47008EFCA6 /* CreditsViewController.h */ = {isa = PBXFileReference; fileEncoding = 4; lastKnownFileType = sourcecode.c.h; path = CreditsViewController.h; sourceTree = "<group>"; };
		09CCA52311876C47008EFCA6 /* CreditsViewController.m */ = {isa = PBXFileReference; fileEncoding = 4; lastKnownFileType = sourcecode.c.objc; path = CreditsViewController.m; sourceTree = "<group>"; };
		09CCA52411876C47008EFCA6 /* CreditsViewController.xib */ = {isa = PBXFileReference; lastKnownFileType = file.xib; name = CreditsViewController.xib; path = Classes/CreditsViewController.xib; sourceTree = "<group>"; };
		09CCA56911877684008EFCA6 /* backdropTop2.png */ = {isa = PBXFileReference; lastKnownFileType = image.png; path = backdropTop2.png; sourceTree = "<group>"; };
		09CCA67711879A3F008EFCA6 /* DataController.h */ = {isa = PBXFileReference; fileEncoding = 4; lastKnownFileType = sourcecode.c.h; name = DataController.h; path = Classes/DataController.h; sourceTree = "<group>"; };
		09CCA67811879A3F008EFCA6 /* DataController.m */ = {isa = PBXFileReference; fileEncoding = 4; lastKnownFileType = sourcecode.c.objc; name = DataController.m; path = Classes/DataController.m; sourceTree = "<group>"; };
		09CCA8601189D4D9008EFCA6 /* UFAlert.h */ = {isa = PBXFileReference; fileEncoding = 4; lastKnownFileType = sourcecode.c.h; name = UFAlert.h; path = Classes/UFAlert.h; sourceTree = "<group>"; };
		09CCA8611189D4D9008EFCA6 /* UFAlert.m */ = {isa = PBXFileReference; fileEncoding = 4; lastKnownFileType = sourcecode.c.objc; name = UFAlert.m; path = Classes/UFAlert.m; sourceTree = "<group>"; };
		1D30AB110D05D00D00671497 /* Foundation.framework */ = {isa = PBXFileReference; lastKnownFileType = wrapper.framework; name = Foundation.framework; path = System/Library/Frameworks/Foundation.framework; sourceTree = SDKROOT; };
		1D3623240D0F684500981E51 /* UrzasFactoryAppDelegate.h */ = {isa = PBXFileReference; fileEncoding = 4; lastKnownFileType = sourcecode.c.h; path = UrzasFactoryAppDelegate.h; sourceTree = "<group>"; };
		1D3623250D0F684500981E51 /* UrzasFactoryAppDelegate.m */ = {isa = PBXFileReference; fileEncoding = 4; lastKnownFileType = sourcecode.c.objc; path = UrzasFactoryAppDelegate.m; sourceTree = "<group>"; };
		1D6058910D05DD3D006BFB54 /* UrzasFactory.app */ = {isa = PBXFileReference; explicitFileType = wrapper.application; includeInIndex = 0; path = UrzasFactory.app; sourceTree = BUILT_PRODUCTS_DIR; };
		1DF5F4DF0D08C38300B7A737 /* UIKit.framework */ = {isa = PBXFileReference; lastKnownFileType = wrapper.framework; name = UIKit.framework; path = System/Library/Frameworks/UIKit.framework; sourceTree = SDKROOT; };
		288765A40DF7441C002DB57D /* CoreGraphics.framework */ = {isa = PBXFileReference; lastKnownFileType = wrapper.framework; name = CoreGraphics.framework; path = System/Library/Frameworks/CoreGraphics.framework; sourceTree = SDKROOT; };
		28AD733E0D9D9553002E5188 /* MainWindow.xib */ = {isa = PBXFileReference; lastKnownFileType = file.xib; path = MainWindow.xib; sourceTree = "<group>"; };
		28C3AD890F43EF2300507BA6 /* UrzasFactory.xcdatamodel */ = {isa = PBXFileReference; fileEncoding = 4; lastKnownFileType = wrapper.xcdatamodel; path = UrzasFactory.xcdatamodel; sourceTree = "<group>"; };
		28D801B30F44B63D00FB423F /* CoreData.framework */ = {isa = PBXFileReference; lastKnownFileType = wrapper.framework; name = CoreData.framework; path = System/Library/Frameworks/CoreData.framework; sourceTree = SDKROOT; };
		29B97316FDCFA39411CA2CEA /* main.m */ = {isa = PBXFileReference; fileEncoding = 4; lastKnownFileType = sourcecode.c.objc; path = main.m; sourceTree = "<group>"; };
		32CA4F630368D1EE00C91783 /* UrzasFactory_Prefix.pch */ = {isa = PBXFileReference; fileEncoding = 4; lastKnownFileType = sourcecode.c.h; path = UrzasFactory_Prefix.pch; sourceTree = "<group>"; };
		5B05D4271136FD360011D7F3 /* MainViewController.h */ = {isa = PBXFileReference; fileEncoding = 4; lastKnownFileType = sourcecode.c.h; name = MainViewController.h; path = ../MainViewController.h; sourceTree = "<group>"; };
		5B05D4281136FD360011D7F3 /* MainViewController.m */ = {isa = PBXFileReference; fileEncoding = 4; lastKnownFileType = sourcecode.c.objc; name = MainViewController.m; path = ../MainViewController.m; sourceTree = "<group>"; };
		5B05D4291136FD360011D7F3 /* MainView.xib */ = {isa = PBXFileReference; lastKnownFileType = file.xib; path = MainView.xib; sourceTree = "<group>"; };
		5B05D42D1136FD620011D7F3 /* Background.png */ = {isa = PBXFileReference; lastKnownFileType = image.png; path = Background.png; sourceTree = "<group>"; };
		5B05D430113701340011D7F3 /* Title.png */ = {isa = PBXFileReference; lastKnownFileType = image.png; path = Title.png; sourceTree = "<group>"; };
		5B05D44A11371E1F0011D7F3 /* Button.png */ = {isa = PBXFileReference; lastKnownFileType = image.png; path = Button.png; sourceTree = "<group>"; };
		5B05D464113724BF0011D7F3 /* ButtonPushed.png */ = {isa = PBXFileReference; lastKnownFileType = image.png; path = ButtonPushed.png; sourceTree = "<group>"; };
		5B05D47E113727250011D7F3 /* DecksViewController.h */ = {isa = PBXFileReference; fileEncoding = 4; lastKnownFileType = sourcecode.c.h; path = DecksViewController.h; sourceTree = "<group>"; };
		5B05D47F113727250011D7F3 /* DecksViewController.m */ = {isa = PBXFileReference; fileEncoding = 4; lastKnownFileType = sourcecode.c.objc; path = DecksViewController.m; sourceTree = "<group>"; };
		5B05D4AF113737F60011D7F3 /* Background2.png */ = {isa = PBXFileReference; lastKnownFileType = image.png; path = Background2.png; sourceTree = "<group>"; };
		5B05D4D1113745030011D7F3 /* UFView.h */ = {isa = PBXFileReference; fileEncoding = 4; lastKnownFileType = sourcecode.c.h; name = UFView.h; path = Classes/UFView.h; sourceTree = "<group>"; };
		5B05D4D2113745030011D7F3 /* UFView.m */ = {isa = PBXFileReference; fileEncoding = 4; lastKnownFileType = sourcecode.c.objc; name = UFView.m; path = Classes/UFView.m; sourceTree = "<group>"; };
		5B37B38611881ABB003884A3 /* UrzasFactory.sqlite */ = {isa = PBXFileReference; lastKnownFileType = file; path = UrzasFactory.sqlite; sourceTree = "<group>"; };
		5B37B495118837B3003884A3 /* defaultCard.jpg */ = {isa = PBXFileReference; lastKnownFileType = image.jpeg; path = defaultCard.jpg; sourceTree = "<group>"; };
		5B37B496118837B3003884A3 /* Mask.png */ = {isa = PBXFileReference; lastKnownFileType = image.png; path = Mask.png; sourceTree = SOURCE_ROOT; };
		5B37B74F1188ECA0003884A3 /* CardViewController.h */ = {isa = PBXFileReference; fileEncoding = 4; lastKnownFileType = sourcecode.c.h; path = CardViewController.h; sourceTree = "<group>"; };
		5B37B7501188ECA0003884A3 /* CardViewController.m */ = {isa = PBXFileReference; fileEncoding = 4; lastKnownFileType = sourcecode.c.objc; path = CardViewController.m; sourceTree = "<group>"; };
		5B54365C119B76E2007DE23D /* Artist.h */ = {isa = PBXFileReference; fileEncoding = 4; lastKnownFileType = sourcecode.c.h; path = Artist.h; sourceTree = "<group>"; };
		5B54365D119B76E2007DE23D /* Artist.m */ = {isa = PBXFileReference; fileEncoding = 4; lastKnownFileType = sourcecode.c.objc; path = Artist.m; sourceTree = "<group>"; };
		5B54365E119B76E2007DE23D /* Subtype.h */ = {isa = PBXFileReference; fileEncoding = 4; lastKnownFileType = sourcecode.c.h; path = Subtype.h; sourceTree = "<group>"; };
		5B54365F119B76E2007DE23D /* Subtype.m */ = {isa = PBXFileReference; fileEncoding = 4; lastKnownFileType = sourcecode.c.objc; path = Subtype.m; sourceTree = "<group>"; };
		5B543660119B76E2007DE23D /* Card.h */ = {isa = PBXFileReference; fileEncoding = 4; lastKnownFileType = sourcecode.c.h; path = Card.h; sourceTree = "<group>"; };
		5B543661119B76E2007DE23D /* Card.m */ = {isa = PBXFileReference; fileEncoding = 4; lastKnownFileType = sourcecode.c.objc; path = Card.m; sourceTree = "<group>"; };
		5B543662119B76E2007DE23D /* Deck.h */ = {isa = PBXFileReference; fileEncoding = 4; lastKnownFileType = sourcecode.c.h; path = Deck.h; sourceTree = "<group>"; };
		5B543663119B76E2007DE23D /* Deck.m */ = {isa = PBXFileReference; fileEncoding = 4; lastKnownFileType = sourcecode.c.objc; path = Deck.m; sourceTree = "<group>"; };
		5B543664119B76E2007DE23D /* Expansion.h */ = {isa = PBXFileReference; fileEncoding = 4; lastKnownFileType = sourcecode.c.h; path = Expansion.h; sourceTree = "<group>"; };
		5B543665119B76E2007DE23D /* Expansion.m */ = {isa = PBXFileReference; fileEncoding = 4; lastKnownFileType = sourcecode.c.objc; path = Expansion.m; sourceTree = "<group>"; };
		5B543666119B76E2007DE23D /* Type.h */ = {isa = PBXFileReference; fileEncoding = 4; lastKnownFileType = sourcecode.c.h; path = Type.h; sourceTree = "<group>"; };
		5B543667119B76E2007DE23D /* Type.m */ = {isa = PBXFileReference; fileEncoding = 4; lastKnownFileType = sourcecode.c.objc; path = Type.m; sourceTree = "<group>"; };
		5B543668119B76E2007DE23D /* ManaItem.h */ = {isa = PBXFileReference; fileEncoding = 4; lastKnownFileType = sourcecode.c.h; path = ManaItem.h; sourceTree = "<group>"; };
		5B543669119B76E2007DE23D /* ManaItem.m */ = {isa = PBXFileReference; fileEncoding = 4; lastKnownFileType = sourcecode.c.objc; path = ManaItem.m; sourceTree = "<group>"; };
		5B54366A119B76E2007DE23D /* Mana.h */ = {isa = PBXFileReference; fileEncoding = 4; lastKnownFileType = sourcecode.c.h; path = Mana.h; sourceTree = "<group>"; };
		5B54366B119B76E2007DE23D /* Mana.m */ = {isa = PBXFileReference; fileEncoding = 4; lastKnownFileType = sourcecode.c.objc; path = Mana.m; sourceTree = "<group>"; };
		5B54366C119B76E2007DE23D /* CardItem.h */ = {isa = PBXFileReference; fileEncoding = 4; lastKnownFileType = sourcecode.c.h; path = CardItem.h; sourceTree = "<group>"; };
		5B54366D119B76E2007DE23D /* CardItem.m */ = {isa = PBXFileReference; fileEncoding = 4; lastKnownFileType = sourcecode.c.objc; path = CardItem.m; sourceTree = "<group>"; };
		5B5EC98D1138A2DD003DE3BE /* Icon.png */ = {isa = PBXFileReference; lastKnownFileType = image.png; path = Icon.png; sourceTree = "<group>"; };
		5B5ECA261139B53C003DE3BE /* UFTableViewController.h */ = {isa = PBXFileReference; fileEncoding = 4; lastKnownFileType = sourcecode.c.h; path = UFTableViewController.h; sourceTree = "<group>"; };
		5B5ECA271139B53C003DE3BE /* UFTableViewController.m */ = {isa = PBXFileReference; fileEncoding = 4; lastKnownFileType = sourcecode.c.objc; path = UFTableViewController.m; sourceTree = "<group>"; };
		8D1107310486CEB800E47090 /* UrzasFactory-Info.plist */ = {isa = PBXFileReference; fileEncoding = 4; lastKnownFileType = text.plist.xml; path = "UrzasFactory-Info.plist"; sourceTree = "<group>"; };
/* End PBXFileReference section */

/* Begin PBXFrameworksBuildPhase section */
		1D60588F0D05DD3D006BFB54 /* Frameworks */ = {
			isa = PBXFrameworksBuildPhase;
			buildActionMask = 2147483647;
			files = (
				1D60589F0D05DD5A006BFB54 /* Foundation.framework in Frameworks */,
				1DF5F4E00D08C38300B7A737 /* UIKit.framework in Frameworks */,
				288765A50DF7441C002DB57D /* CoreGraphics.framework in Frameworks */,
				28D801B40F44B63D00FB423F /* CoreData.framework in Frameworks */,
				09CCA0B711868E8C008EFCA6 /* QuartzCore.framework in Frameworks */,
				09CCA13311869357008EFCA6 /* CFNetwork.framework in Frameworks */,
			);
			runOnlyForDeploymentPostprocessing = 0;
		};
/* End PBXFrameworksBuildPhase section */

/* Begin PBXGroup section */
		080E96DDFE201D6D7F000001 /* Classes */ = {
			isa = PBXGroup;
			children = (
				09CCA0A911868E0F008EFCA6 /* OpenFlow */,
				5B05D4271136FD360011D7F3 /* MainViewController.h */,
				5B05D4281136FD360011D7F3 /* MainViewController.m */,
				5B05D47E113727250011D7F3 /* DecksViewController.h */,
				5B05D47F113727250011D7F3 /* DecksViewController.m */,
				1D3623240D0F684500981E51 /* UrzasFactoryAppDelegate.h */,
				1D3623250D0F684500981E51 /* UrzasFactoryAppDelegate.m */,
				09CCA13C118694A5008EFCA6 /* LibraryPortraitViewController.h */,
				093547F9119E828A00E68A55 /* LibraryPortraitViewController.m */,
				09CCA0E111868F87008EFCA6 /* LibraryLandscapeViewController.h */,
				09CCA0E211868F87008EFCA6 /* LibraryLandscapeViewController.m */,
				09CCA52211876C47008EFCA6 /* CreditsViewController.h */,
				09CCA52311876C47008EFCA6 /* CreditsViewController.m */,
				5B37B74F1188ECA0003884A3 /* CardViewController.h */,
				5B37B7501188ECA0003884A3 /* CardViewController.m */,
				09B355E2118E92D1001F075C /* DeckViewController.h */,
				09B355E3118E92D1001F075C /* DeckViewController.m */,
				093540DA119B890700E68A55 /* FilterViewController.h */,
				093540DB119B890700E68A55 /* FilterViewController.m */,
			);
			path = Classes;
			sourceTree = "<group>";
		};
		093540EC119BE38E00E68A55 /* ManaIcons */ = {
			isa = PBXGroup;
			children = (
				093540ED119BE3A000E68A55 /* ForestBright.png */,
				093540EE119BE3A000E68A55 /* ForestShaded.png */,
				093540EF119BE3A000E68A55 /* IslandBright.png */,
				093540F0119BE3A000E68A55 /* IslandShaded.png */,
				093540F1119BE3A000E68A55 /* LandBright.png */,
				093540F2119BE3A000E68A55 /* LandShaded.png */,
				093540F3119BE3A000E68A55 /* MountainBright.png */,
				093540F4119BE3A000E68A55 /* MountainShaded.png */,
				093540F5119BE3A000E68A55 /* OtherBright.png */,
				093540F6119BE3A000E68A55 /* OtherShaded.png */,
				093540F7119BE3A000E68A55 /* PlainsBright.png */,
				093540F8119BE3A000E68A55 /* PlainsShaded.png */,
				093540F9119BE3A000E68A55 /* SwampBright.png */,
				093540FA119BE3A000E68A55 /* SwampShaded.png */,
			);
			name = ManaIcons;
			sourceTree = "<group>";
		};
		09CCA0A911868E0F008EFCA6 /* OpenFlow */ = {
			isa = PBXGroup;
			children = (
				09CCA0AA11868E4C008EFCA6 /* AFItemView.h */,
				09CCA0AB11868E4C008EFCA6 /* AFItemView.m */,
				09CCA0AC11868E4C008EFCA6 /* AFOpenFlowConstants.h */,
				09CCA0AD11868E4C008EFCA6 /* AFOpenFlowView.h */,
				09CCA0AE11868E4C008EFCA6 /* AFOpenFlowView.m */,
				09CCA0AF11868E4C008EFCA6 /* AFUIImageReflection.h */,
				09CCA0B011868E4C008EFCA6 /* AFUIImageReflection.m */,
			);
			name = OpenFlow;
			path = ..;
			sourceTree = "<group>";
		};
		09CCA50611876C07008EFCA6 /* Accessory Classes */ = {
			isa = PBXGroup;
			children = (
				09CCA8601189D4D9008EFCA6 /* UFAlert.h */,
				09CCA8611189D4D9008EFCA6 /* UFAlert.m */,
				09CCA12C11869322008EFCA6 /* AFGetImageOperation.h */,
				09CCA12D11869322008EFCA6 /* AFGetImageOperation.m */,
				09CCA12F1186933C008EFCA6 /* UIImageExtras.h */,
				09CCA1301186933C008EFCA6 /* UIImageExtras.m */,
				09CCA67711879A3F008EFCA6 /* DataController.h */,
				09CCA67811879A3F008EFCA6 /* DataController.m */,
			);
			name = "Accessory Classes";
			sourceTree = "<group>";
		};
		19C28FACFE9D520D11CA2CBB /* Products */ = {
			isa = PBXGroup;
			children = (
				1D6058910D05DD3D006BFB54 /* UrzasFactory.app */,
			);
			name = Products;
			sourceTree = "<group>";
		};
		29B97314FDCFA39411CA2CEA /* CustomTemplate */ = {
			isa = PBXGroup;
			children = (
				5B37B7641188ED15003884A3 /* Model */,
				09CCA50611876C07008EFCA6 /* Accessory Classes */,
				5B5EC9EC1139ACB0003DE3BE /* Base Classes */,
				080E96DDFE201D6D7F000001 /* Classes */,
				29B97315FDCFA39411CA2CEA /* Other Sources */,
				29B97317FDCFA39411CA2CEA /* Resources */,
				29B97323FDCFA39411CA2CEA /* Frameworks */,
				19C28FACFE9D520D11CA2CBB /* Products */,
				09CCA13211869357008EFCA6 /* CFNetwork.framework */,
			);
			name = CustomTemplate;
			sourceTree = "<group>";
		};
		29B97315FDCFA39411CA2CEA /* Other Sources */ = {
			isa = PBXGroup;
			children = (
				32CA4F630368D1EE00C91783 /* UrzasFactory_Prefix.pch */,
				29B97316FDCFA39411CA2CEA /* main.m */,
			);
			name = "Other Sources";
			sourceTree = "<group>";
		};
		29B97317FDCFA39411CA2CEA /* Resources */ = {
			isa = PBXGroup;
			children = (
				5B37B38611881ABB003884A3 /* UrzasFactory.sqlite */,
				5B05D42C1136FD620011D7F3 /* Images */,
				28C3AD890F43EF2300507BA6 /* UrzasFactory.xcdatamodel */,
				5B05D4291136FD360011D7F3 /* MainView.xib */,
				28AD733E0D9D9553002E5188 /* MainWindow.xib */,
				8D1107310486CEB800E47090 /* UrzasFactory-Info.plist */,
				09CCA09A11868BC1008EFCA6 /* LibraryPortraitView.xib */,
				09CCA0DE11868F23008EFCA6 /* LibraryLandscapeView.xib */,
				09CCA52411876C47008EFCA6 /* CreditsViewController.xib */,
				093540DC119B890700E68A55 /* FilterViewController.xib */,
				09B35678118FF6CD001F075C /* DeckView.xib */,
			);
			name = Resources;
			sourceTree = "<group>";
		};
		29B97323FDCFA39411CA2CEA /* Frameworks */ = {
			isa = PBXGroup;
			children = (
				09CCA0B611868E8C008EFCA6 /* QuartzCore.framework */,
				1DF5F4DF0D08C38300B7A737 /* UIKit.framework */,
				1D30AB110D05D00D00671497 /* Foundation.framework */,
				288765A40DF7441C002DB57D /* CoreGraphics.framework */,
				28D801B30F44B63D00FB423F /* CoreData.framework */,
			);
			name = Frameworks;
			sourceTree = "<group>";
		};
		5B05D42C1136FD620011D7F3 /* Images */ = {
			isa = PBXGroup;
			children = (
				093540EC119BE38E00E68A55 /* ManaIcons */,
				09B35742119233EB001F075C /* contentBoard.png */,
				09B356C2119001F0001F075C /* deckContent.png */,
				5B37B495118837B3003884A3 /* defaultCard.jpg */,
				5B37B496118837B3003884A3 /* Mask.png */,
				09CCA56911877684008EFCA6 /* backdropTop2.png */,
				09CCA489118764BD008EFCA6 /* backdropBottom.png */,
				09CCA48A118764BD008EFCA6 /* backdropTop.png */,
				09CCA45611875FBF008EFCA6 /* awardback.jpg */,
				09CCA45711875FBF008EFCA6 /* backdrop.jpg */,
				5B5EC98D1138A2DD003DE3BE /* Icon.png */,
				5B05D44A11371E1F0011D7F3 /* Button.png */,
				5B05D464113724BF0011D7F3 /* ButtonPushed.png */,
				5B05D42D1136FD620011D7F3 /* Background.png */,
				5B05D4AF113737F60011D7F3 /* Background2.png */,
				5B05D430113701340011D7F3 /* Title.png */,
			);
			path = Images;
			sourceTree = "<group>";
		};
		5B37B7641188ED15003884A3 /* Model */ = {
			isa = PBXGroup;
			children = (
				5B54365C119B76E2007DE23D /* Artist.h */,
				5B54365D119B76E2007DE23D /* Artist.m */,
				5B54365E119B76E2007DE23D /* Subtype.h */,
				5B54365F119B76E2007DE23D /* Subtype.m */,
				5B543660119B76E2007DE23D /* Card.h */,
				5B543661119B76E2007DE23D /* Card.m */,
				5B543662119B76E2007DE23D /* Deck.h */,
				5B543663119B76E2007DE23D /* Deck.m */,
				5B543664119B76E2007DE23D /* Expansion.h */,
				5B543665119B76E2007DE23D /* Expansion.m */,
				5B543666119B76E2007DE23D /* Type.h */,
				5B543667119B76E2007DE23D /* Type.m */,
				5B543668119B76E2007DE23D /* ManaItem.h */,
				5B543669119B76E2007DE23D /* ManaItem.m */,
				5B54366A119B76E2007DE23D /* Mana.h */,
				5B54366B119B76E2007DE23D /* Mana.m */,
				5B54366C119B76E2007DE23D /* CardItem.h */,
				5B54366D119B76E2007DE23D /* CardItem.m */,
			);
			path = Model;
			sourceTree = "<group>";
		};
		5B5EC9EC1139ACB0003DE3BE /* Base Classes */ = {
			isa = PBXGroup;
			children = (
				5B05D4D1113745030011D7F3 /* UFView.h */,
				5B05D4D2113745030011D7F3 /* UFView.m */,
				5B5ECA261139B53C003DE3BE /* UFTableViewController.h */,
				5B5ECA271139B53C003DE3BE /* UFTableViewController.m */,
				09CCA45311875F14008EFCA6 /* UINavigationBar+CustomImage.h */,
				09CCA45411875F14008EFCA6 /* UINavigationBar+CustomImage.m */,
			);
			name = "Base Classes";
			sourceTree = "<group>";
		};
/* End PBXGroup section */

/* Begin PBXNativeTarget section */
		1D6058900D05DD3D006BFB54 /* UrzasFactory */ = {
			isa = PBXNativeTarget;
			buildConfigurationList = 1D6058960D05DD3E006BFB54 /* Build configuration list for PBXNativeTarget "UrzasFactory" */;
			buildPhases = (
				1D60588D0D05DD3D006BFB54 /* Resources */,
				1D60588E0D05DD3D006BFB54 /* Sources */,
				1D60588F0D05DD3D006BFB54 /* Frameworks */,
			);
			buildRules = (
			);
			dependencies = (
			);
			name = UrzasFactory;
			productName = UrzasFactory;
			productReference = 1D6058910D05DD3D006BFB54 /* UrzasFactory.app */;
			productType = "com.apple.product-type.application";
		};
/* End PBXNativeTarget section */

/* Begin PBXProject section */
		29B97313FDCFA39411CA2CEA /* Project object */ = {
			isa = PBXProject;
			buildConfigurationList = C01FCF4E08A954540054247B /* Build configuration list for PBXProject "UrzasFactory" */;
			compatibilityVersion = "Xcode 3.1";
			hasScannedForEncodings = 1;
			mainGroup = 29B97314FDCFA39411CA2CEA /* CustomTemplate */;
			projectDirPath = "";
			projectRoot = "";
			targets = (
				1D6058900D05DD3D006BFB54 /* UrzasFactory */,
			);
		};
/* End PBXProject section */

/* Begin PBXResourcesBuildPhase section */
		1D60588D0D05DD3D006BFB54 /* Resources */ = {
			isa = PBXResourcesBuildPhase;
			buildActionMask = 2147483647;
			files = (
				28AD733F0D9D9553002E5188 /* MainWindow.xib in Resources */,
				5B05D42B1136FD360011D7F3 /* MainView.xib in Resources */,
				5B05D42E1136FD620011D7F3 /* Background.png in Resources */,
				5B05D431113701340011D7F3 /* Title.png in Resources */,
				5B05D44B11371E1F0011D7F3 /* Button.png in Resources */,
				5B05D465113724BF0011D7F3 /* ButtonPushed.png in Resources */,
				5B05D4B0113737F60011D7F3 /* Background2.png in Resources */,
				5B5EC98E1138A2DD003DE3BE /* Icon.png in Resources */,
				09CCA09B11868BC1008EFCA6 /* LibraryPortraitView.xib in Resources */,
				09CCA0DF11868F23008EFCA6 /* LibraryLandscapeView.xib in Resources */,
				09CCA45811875FBF008EFCA6 /* awardback.jpg in Resources */,
				09CCA45911875FBF008EFCA6 /* backdrop.jpg in Resources */,
				09CCA48B118764BD008EFCA6 /* backdropBottom.png in Resources */,
				09CCA48C118764BD008EFCA6 /* backdropTop.png in Resources */,
				09CCA52611876C47008EFCA6 /* CreditsViewController.xib in Resources */,
				09CCA56A11877684008EFCA6 /* backdropTop2.png in Resources */,
				5B37B38711881ABB003884A3 /* UrzasFactory.sqlite in Resources */,
				5B37B497118837B3003884A3 /* defaultCard.jpg in Resources */,
				5B37B498118837B3003884A3 /* Mask.png in Resources */,
				09B35679118FF6CD001F075C /* DeckView.xib in Resources */,
				09B356C3119001F0001F075C /* deckContent.png in Resources */,
				09B35743119233EB001F075C /* contentBoard.png in Resources */,
				093540DE119B890700E68A55 /* FilterViewController.xib in Resources */,
				093540FB119BE3A000E68A55 /* ForestBright.png in Resources */,
				093540FC119BE3A000E68A55 /* ForestShaded.png in Resources */,
				093540FD119BE3A000E68A55 /* IslandBright.png in Resources */,
				093540FE119BE3A000E68A55 /* IslandShaded.png in Resources */,
				093540FF119BE3A000E68A55 /* LandBright.png in Resources */,
				09354100119BE3A000E68A55 /* LandShaded.png in Resources */,
				09354101119BE3A000E68A55 /* MountainBright.png in Resources */,
				09354102119BE3A000E68A55 /* MountainShaded.png in Resources */,
				09354103119BE3A000E68A55 /* OtherBright.png in Resources */,
				09354104119BE3A000E68A55 /* OtherShaded.png in Resources */,
				09354105119BE3A000E68A55 /* PlainsBright.png in Resources */,
				09354106119BE3A000E68A55 /* PlainsShaded.png in Resources */,
				09354107119BE3A000E68A55 /* SwampBright.png in Resources */,
				09354108119BE3A000E68A55 /* SwampShaded.png in Resources */,
			);
			runOnlyForDeploymentPostprocessing = 0;
		};
/* End PBXResourcesBuildPhase section */

/* Begin PBXSourcesBuildPhase section */
		1D60588E0D05DD3D006BFB54 /* Sources */ = {
			isa = PBXSourcesBuildPhase;
			buildActionMask = 2147483647;
			files = (
				1D60589B0D05DD56006BFB54 /* main.m in Sources */,
				1D3623260D0F684500981E51 /* UrzasFactoryAppDelegate.m in Sources */,
				28C3AD8A0F43EF2300507BA6 /* UrzasFactory.xcdatamodel in Sources */,
				5B05D42A1136FD360011D7F3 /* MainViewController.m in Sources */,
				5B05D480113727250011D7F3 /* DecksViewController.m in Sources */,
				5B05D4D3113745030011D7F3 /* UFView.m in Sources */,
				5B5ECA281139B53C003DE3BE /* UFTableViewController.m in Sources */,
				09CCA0B111868E4C008EFCA6 /* AFItemView.m in Sources */,
				09CCA0B211868E4C008EFCA6 /* AFOpenFlowView.m in Sources */,
				09CCA0B311868E4C008EFCA6 /* AFUIImageReflection.m in Sources */,
				09CCA0E311868F87008EFCA6 /* LibraryLandscapeViewController.m in Sources */,
				09CCA12E11869322008EFCA6 /* AFGetImageOperation.m in Sources */,
				09CCA1311186933C008EFCA6 /* UIImageExtras.m in Sources */,
				09CCA45511875F14008EFCA6 /* UINavigationBar+CustomImage.m in Sources */,
				09CCA52511876C47008EFCA6 /* CreditsViewController.m in Sources */,
				09CCA67911879A3F008EFCA6 /* DataController.m in Sources */,
				5B37B7511188ECA0003884A3 /* CardViewController.m in Sources */,
				09CCA8621189D4D9008EFCA6 /* UFAlert.m in Sources */,
				09B355E5118E92D1001F075C /* DeckViewController.m in Sources */,
				5B54366E119B76E2007DE23D /* Artist.m in Sources */,
				5B54366F119B76E2007DE23D /* Subtype.m in Sources */,
				5B543670119B76E2007DE23D /* Card.m in Sources */,
				5B543671119B76E2007DE23D /* Deck.m in Sources */,
				5B543672119B76E2007DE23D /* Expansion.m in Sources */,
				5B543673119B76E2007DE23D /* Type.m in Sources */,
				5B543674119B76E2007DE23D /* ManaItem.m in Sources */,
				5B543675119B76E2007DE23D /* Mana.m in Sources */,
				5B543676119B76E2007DE23D /* CardItem.m in Sources */,
				093540DD119B890700E68A55 /* FilterViewController.m in Sources */,
				093547FA119E828A00E68A55 /* LibraryPortraitViewController.m in Sources */,
			);
			runOnlyForDeploymentPostprocessing = 0;
		};
/* End PBXSourcesBuildPhase section */

/* Begin XCBuildConfiguration section */
		1D6058940D05DD3E006BFB54 /* Debug */ = {
			isa = XCBuildConfiguration;
			buildSettings = {
				ALWAYS_SEARCH_USER_PATHS = NO;
				COPY_PHASE_STRIP = NO;
				FRAMEWORK_SEARCH_PATHS = (
					"$(inherited)",
					"\"/Volumes/Skiiing2/CD/ViewBased/Unknown Path/System/Library/Frameworks\"",
				);
				GCC_DYNAMIC_NO_PIC = NO;
				GCC_OPTIMIZATION_LEVEL = 0;
				GCC_PRECOMPILE_PREFIX_HEADER = YES;
				GCC_PREFIX_HEADER = UrzasFactory_Prefix.pch;
				INFOPLIST_FILE = "UrzasFactory-Info.plist";
				PRODUCT_NAME = UrzasFactory;
			};
			name = Debug;
		};
		1D6058950D05DD3E006BFB54 /* Release */ = {
			isa = XCBuildConfiguration;
			buildSettings = {
				ALWAYS_SEARCH_USER_PATHS = NO;
				COPY_PHASE_STRIP = YES;
				FRAMEWORK_SEARCH_PATHS = (
					"$(inherited)",
					"\"/Volumes/Skiiing2/CD/ViewBased/Unknown Path/System/Library/Frameworks\"",
				);
				GCC_PRECOMPILE_PREFIX_HEADER = YES;
				GCC_PREFIX_HEADER = UrzasFactory_Prefix.pch;
				INFOPLIST_FILE = "UrzasFactory-Info.plist";
				PRODUCT_NAME = UrzasFactory;
			};
			name = Release;
		};
		C01FCF4F08A954540054247B /* Debug */ = {
			isa = XCBuildConfiguration;
			buildSettings = {
				ARCHS = "$(ARCHS_STANDARD_32_BIT)";
				"CODE_SIGN_IDENTITY[sdk=iphoneos*]" = "iPhone Developer";
				GCC_C_LANGUAGE_STANDARD = c99;
				GCC_WARN_ABOUT_RETURN_TYPE = YES;
				GCC_WARN_UNUSED_VARIABLE = YES;
				PREBINDING = NO;
				SDKROOT = iphoneos3.1;
			};
			name = Debug;
		};
		C01FCF5008A954540054247B /* Release */ = {
			isa = XCBuildConfiguration;
			buildSettings = {
				ARCHS = "$(ARCHS_STANDARD_32_BIT)";
				"CODE_SIGN_IDENTITY[sdk=iphoneos*]" = "iPhone Developer";
				GCC_C_LANGUAGE_STANDARD = c99;
				GCC_WARN_ABOUT_RETURN_TYPE = YES;
				GCC_WARN_UNUSED_VARIABLE = YES;
				PREBINDING = NO;
				SDKROOT = iphoneos3.1;
			};
			name = Release;
		};
/* End XCBuildConfiguration section */

/* Begin XCConfigurationList section */
		1D6058960D05DD3E006BFB54 /* Build configuration list for PBXNativeTarget "UrzasFactory" */ = {
			isa = XCConfigurationList;
			buildConfigurations = (
				1D6058940D05DD3E006BFB54 /* Debug */,
				1D6058950D05DD3E006BFB54 /* Release */,
			);
			defaultConfigurationIsVisible = 0;
			defaultConfigurationName = Release;
		};
		C01FCF4E08A954540054247B /* Build configuration list for PBXProject "UrzasFactory" */ = {
			isa = XCConfigurationList;
			buildConfigurations = (
				C01FCF4F08A954540054247B /* Debug */,
				C01FCF5008A954540054247B /* Release */,
			);
			defaultConfigurationIsVisible = 0;
			defaultConfigurationName = Release;
		};
/* End XCConfigurationList section */
	};
	rootObject = 29B97313FDCFA39411CA2CEA /* Project object */;
}
